// !$*UTF8*$!
{
	archiveVersion = 1;
	classes = {
	};
	objectVersion = 46;
	objects = {

/* Begin PBXBuildFile section */
		2E229CA64B0712A273852752 /* libPods.a in Frameworks */ = {isa = PBXBuildFile; fileRef = D7C04C2A580B83DDA5C2D5DC /* libPods.a */; };
		C715EA231A5D7851008294D1 /* superbackground.png in Resources */ = {isa = PBXBuildFile; fileRef = C715EA221A5D7851008294D1 /* superbackground.png */; };
		C715EA261A5D7924008294D1 /* superMenu.m in Sources */ = {isa = PBXBuildFile; fileRef = C715EA251A5D7924008294D1 /* superMenu.m */; };
		C715EA291A5D85F9008294D1 /* ASIHttpMangment.m in Sources */ = {isa = PBXBuildFile; fileRef = C715EA281A5D85F9008294D1 /* ASIHttpMangment.m */; };
		C715EA2B1A5D8BE4008294D1 /* SystemConfiguration.framework in Frameworks */ = {isa = PBXBuildFile; fileRef = C715EA2A1A5D8BE4008294D1 /* SystemConfiguration.framework */; };
		C715EA2D1A5D8C19008294D1 /* libsqlite3.dylib in Frameworks */ = {isa = PBXBuildFile; fileRef = C715EA2C1A5D8C19008294D1 /* libsqlite3.dylib */; };
		C7324DA81A46E23800C9EB75 /* TFregionViewController.m in Sources */ = {isa = PBXBuildFile; fileRef = C7324DA71A46E23800C9EB75 /* TFregionViewController.m */; };
		C7324DAB1A46E65D00C9EB75 /* CustomtabbarController.m in Sources */ = {isa = PBXBuildFile; fileRef = C7324DAA1A46E65D00C9EB75 /* CustomtabbarController.m */; };
		C7324DAE1A46F19800C9EB75 /* DatePickerView.m in Sources */ = {isa = PBXBuildFile; fileRef = C7324DAD1A46F19800C9EB75 /* DatePickerView.m */; };
		C757CC1A1A5ACED80096689F /* ShopImage.m in Sources */ = {isa = PBXBuildFile; fileRef = C757CC191A5ACED80096689F /* ShopImage.m */; };
		C757CC211A5AE8D40096689F /* index_drink.png in Resources */ = {isa = PBXBuildFile; fileRef = C757CC1C1A5AE8D40096689F /* index_drink.png */; };
		C757CC221A5AE8D40096689F /* index_fruits.png in Resources */ = {isa = PBXBuildFile; fileRef = C757CC1D1A5AE8D40096689F /* index_fruits.png */; };
		C757CC231A5AE8D40096689F /* index_import.png in Resources */ = {isa = PBXBuildFile; fileRef = C757CC1E1A5AE8D40096689F /* index_import.png */; };
		C757CC241A5AE8D40096689F /* index_Organic.png in Resources */ = {isa = PBXBuildFile; fileRef = C757CC1F1A5AE8D40096689F /* index_Organic.png */; };
		C757CC251A5AE8D40096689F /* index_seafood.png in Resources */ = {isa = PBXBuildFile; fileRef = C757CC201A5AE8D40096689F /* index_seafood.png */; };
		C757CC2E1A5AEB2A0096689F /* index_cooked.png in Resources */ = {isa = PBXBuildFile; fileRef = C757CC271A5AEB2A0096689F /* index_cooked.png */; };
		C757CC2F1A5AEB2A0096689F /* index_egg.png in Resources */ = {isa = PBXBuildFile; fileRef = C757CC281A5AEB2A0096689F /* index_egg.png */; };
		C757CC301A5AEB2A0096689F /* index_meat.png in Resources */ = {isa = PBXBuildFile; fileRef = C757CC291A5AEB2A0096689F /* index_meat.png */; };
		C757CC311A5AEB2A0096689F /* index_more.png in Resources */ = {isa = PBXBuildFile; fileRef = C757CC2A1A5AEB2A0096689F /* index_more.png */; };
		C757CC321A5AEB2A0096689F /* index_rice.png in Resources */ = {isa = PBXBuildFile; fileRef = C757CC2B1A5AEB2A0096689F /* index_rice.png */; };
		C757CC331A5AEB2A0096689F /* index_shrimp.png in Resources */ = {isa = PBXBuildFile; fileRef = C757CC2C1A5AEB2A0096689F /* index_shrimp.png */; };
		C757CC341A5AEB2A0096689F /* index_veg.png in Resources */ = {isa = PBXBuildFile; fileRef = C757CC2D1A5AEB2A0096689F /* index_veg.png */; };
		C760C1CE1A3B327300040DF2 /* UIScrollView+BindArgs.m in Sources */ = {isa = PBXBuildFile; fileRef = C760C1CD1A3B327300040DF2 /* UIScrollView+BindArgs.m */; };
		C760C1DE1A3B408200040DF2 /* UIImageView+BindArgs.m in Sources */ = {isa = PBXBuildFile; fileRef = C760C1DD1A3B408200040DF2 /* UIImageView+BindArgs.m */; };
		C760C1E11A3B45AC00040DF2 /* UITableView+BindArgs.m in Sources */ = {isa = PBXBuildFile; fileRef = C760C1E01A3B45AC00040DF2 /* UITableView+BindArgs.m */; };
		C760C1FF1A3B59E000040DF2 /* CellViews.m in Sources */ = {isa = PBXBuildFile; fileRef = C760C1FE1A3B59E000040DF2 /* CellViews.m */; };
		C760C2081A3B5BE200040DF2 /* UILabel+BindArgs.m in Sources */ = {isa = PBXBuildFile; fileRef = C760C2071A3B5BE200040DF2 /* UILabel+BindArgs.m */; };
		C76CBBD11A42FC1200B57BBC /* hometitle_image.png in Resources */ = {isa = PBXBuildFile; fileRef = C76CBBD01A42FC1200B57BBC /* hometitle_image.png */; };
		C76CBBE11A43146D00B57BBC /* WWSideslipViewController.m in Sources */ = {isa = PBXBuildFile; fileRef = C76CBBE01A43146D00B57BBC /* WWSideslipViewController.m */; };
		C76CBBE71A43172600B57BBC /* MSSlidingPanelController.m in Sources */ = {isa = PBXBuildFile; fileRef = C76CBBE41A43172600B57BBC /* MSSlidingPanelController.m */; };
		C76CBBE81A43172600B57BBC /* MSViewControllerSlidingPanel.m in Sources */ = {isa = PBXBuildFile; fileRef = C76CBBE61A43172600B57BBC /* MSViewControllerSlidingPanel.m */; };
		C76CBBEB1A431E3500B57BBC /* TFmyPathViewController.m in Sources */ = {isa = PBXBuildFile; fileRef = C76CBBEA1A431E3500B57BBC /* TFmyPathViewController.m */; };
		C76FE4591A3801F600C973BF /* TFhomeViewController.m in Sources */ = {isa = PBXBuildFile; fileRef = C76FE4581A3801F600C973BF /* TFhomeViewController.m */; };
		C76FE45C1A38020A00C973BF /* TFshoppingcartViewController.m in Sources */ = {isa = PBXBuildFile; fileRef = C76FE45B1A38020A00C973BF /* TFshoppingcartViewController.m */; };
		C76FE45F1A38023C00C973BF /* TFfoodMarketViewController.m in Sources */ = {isa = PBXBuildFile; fileRef = C76FE45E1A38023C00C973BF /* TFfoodMarketViewController.m */; };
		C76FE4621A3803A000C973BF /* TFMainTabbarController.m in Sources */ = {isa = PBXBuildFile; fileRef = C76FE4611A3803A000C973BF /* TFMainTabbarController.m */; };
		C76FE4651A38046D00C973BF /* TFpersonViewController.m in Sources */ = {isa = PBXBuildFile; fileRef = C76FE4641A38046D00C973BF /* TFpersonViewController.m */; };
		C76FE4731A38092700C973BF /* Contents.json in Resources */ = {isa = PBXBuildFile; fileRef = C76FE4671A38092700C973BF /* Contents.json */; };
		C76FE4741A38092700C973BF /* Default-568h@2x.png in Resources */ = {isa = PBXBuildFile; fileRef = C76FE4681A38092700C973BF /* Default-568h@2x.png */; };
		C76FE4751A38092700C973BF /* Default-Landscape@2x~ipad.png in Resources */ = {isa = PBXBuildFile; fileRef = C76FE4691A38092700C973BF /* Default-Landscape@2x~ipad.png */; };
		C76FE4761A38092700C973BF /* Default-Landscape~ipad.png in Resources */ = {isa = PBXBuildFile; fileRef = C76FE46A1A38092700C973BF /* Default-Landscape~ipad.png */; };
		C76FE4771A38092700C973BF /* Default-Portrait@2x~ipad.png in Resources */ = {isa = PBXBuildFile; fileRef = C76FE46B1A38092700C973BF /* Default-Portrait@2x~ipad.png */; };
		C76FE4781A38092700C973BF /* Default-Portrait~ipad.png in Resources */ = {isa = PBXBuildFile; fileRef = C76FE46C1A38092700C973BF /* Default-Portrait~ipad.png */; };
		C76FE4791A38092700C973BF /* Default.png in Resources */ = {isa = PBXBuildFile; fileRef = C76FE46D1A38092700C973BF /* Default.png */; };
		C76FE47A1A38092700C973BF /* Default@2x.png in Resources */ = {isa = PBXBuildFile; fileRef = C76FE46E1A38092700C973BF /* Default@2x.png */; };
		C76FE47B1A38092700C973BF /* LaunchImage-700-568h@2x.png in Resources */ = {isa = PBXBuildFile; fileRef = C76FE46F1A38092700C973BF /* LaunchImage-700-568h@2x.png */; };
		C76FE47C1A38092700C973BF /* LaunchImage-800-667h@2x.png in Resources */ = {isa = PBXBuildFile; fileRef = C76FE4701A38092700C973BF /* LaunchImage-800-667h@2x.png */; };
		C76FE47D1A38092700C973BF /* LaunchImage-800-Landscape-736h@3x.png in Resources */ = {isa = PBXBuildFile; fileRef = C76FE4711A38092700C973BF /* LaunchImage-800-Landscape-736h@3x.png */; };
		C76FE47E1A38092700C973BF /* LaunchImage-800-Portrait-736h@3x.png in Resources */ = {isa = PBXBuildFile; fileRef = C76FE4721A38092700C973BF /* LaunchImage-800-Portrait-736h@3x.png */; };
		C77382F21A3837CA00ABDA7D /* ImagePlayerView.m in Sources */ = {isa = PBXBuildFile; fileRef = C77382F11A3837CA00ABDA7D /* ImagePlayerView.m */; };
		C7764FFB1A419A0800B5AFA9 /* MenuTabbarView.m in Sources */ = {isa = PBXBuildFile; fileRef = C7764FFA1A419A0800B5AFA9 /* MenuTabbarView.m */; };
		C776500C1A41D5DE00B5AFA9 /* shapchart.png in Resources */ = {isa = PBXBuildFile; fileRef = C77650021A41D5DE00B5AFA9 /* shapchart.png */; };
		C776500D1A41D5DE00B5AFA9 /* tabbar_01.png in Resources */ = {isa = PBXBuildFile; fileRef = C77650031A41D5DE00B5AFA9 /* tabbar_01.png */; };
		C776500E1A41D5DE00B5AFA9 /* tabbar_01@2x.png in Resources */ = {isa = PBXBuildFile; fileRef = C77650041A41D5DE00B5AFA9 /* tabbar_01@2x.png */; };
		C776500F1A41D5DE00B5AFA9 /* tabbar_02.png in Resources */ = {isa = PBXBuildFile; fileRef = C77650051A41D5DE00B5AFA9 /* tabbar_02.png */; };
		C77650101A41D5DE00B5AFA9 /* tabbar_02@2x.png in Resources */ = {isa = PBXBuildFile; fileRef = C77650061A41D5DE00B5AFA9 /* tabbar_02@2x.png */; };
		C77650111A41D5DE00B5AFA9 /* tabbar_03.png in Resources */ = {isa = PBXBuildFile; fileRef = C77650071A41D5DE00B5AFA9 /* tabbar_03.png */; };
		C77650121A41D5DE00B5AFA9 /* tabbar_03@2x.png in Resources */ = {isa = PBXBuildFile; fileRef = C77650081A41D5DE00B5AFA9 /* tabbar_03@2x.png */; };
		C77650131A41D5DE00B5AFA9 /* tabbarchart.png in Resources */ = {isa = PBXBuildFile; fileRef = C77650091A41D5DE00B5AFA9 /* tabbarchart.png */; };
		C77650141A41D5DE00B5AFA9 /* tabbarchart@2x.png in Resources */ = {isa = PBXBuildFile; fileRef = C776500A1A41D5DE00B5AFA9 /* tabbarchart@2x.png */; };
		C77650151A41D5DE00B5AFA9 /* Toolbarback.png in Resources */ = {isa = PBXBuildFile; fileRef = C776500B1A41D5DE00B5AFA9 /* Toolbarback.png */; };
		C77650191A41DCCC00B5AFA9 /* JSBadgeView.m in Sources */ = {isa = PBXBuildFile; fileRef = C77650181A41DCCC00B5AFA9 /* JSBadgeView.m */; };
		C776501B1A41E22A00B5AFA9 /* delete.png in Resources */ = {isa = PBXBuildFile; fileRef = C776501A1A41E22A00B5AFA9 /* delete.png */; };
		C7798E3B1A36EA30005EC0D4 /* NSURLRequest+NSURLRequestWithIgnoreSSL.m in Sources */ = {isa = PBXBuildFile; fileRef = C7798E321A36EA30005EC0D4 /* NSURLRequest+NSURLRequestWithIgnoreSSL.m */; };
		C7798E3C1A36EA30005EC0D4 /* UIAlertView+BindArgs.m in Sources */ = {isa = PBXBuildFile; fileRef = C7798E341A36EA30005EC0D4 /* UIAlertView+BindArgs.m */; };
		C7798E3D1A36EA30005EC0D4 /* UIButton+BindArgs.m in Sources */ = {isa = PBXBuildFile; fileRef = C7798E361A36EA30005EC0D4 /* UIButton+BindArgs.m */; };
		C7798E3E1A36EA30005EC0D4 /* UIImageView+WebCache.m in Sources */ = {isa = PBXBuildFile; fileRef = C7798E381A36EA30005EC0D4 /* UIImageView+WebCache.m */; };
		C7798E3F1A36EA30005EC0D4 /* UIView+BindArgs.m in Sources */ = {isa = PBXBuildFile; fileRef = C7798E3A1A36EA30005EC0D4 /* UIView+BindArgs.m */; };
		C7798E431A36F709005EC0D4 /* password@2x.png in Resources */ = {isa = PBXBuildFile; fileRef = C7798E421A36F709005EC0D4 /* password@2x.png */; };
		C7798E451A36F7D6005EC0D4 /* username@2x.png in Resources */ = {isa = PBXBuildFile; fileRef = C7798E441A36F7D6005EC0D4 /* username@2x.png */; };
		C7798E481A36F8D0005EC0D4 /* icnbox_no.png in Resources */ = {isa = PBXBuildFile; fileRef = C7798E461A36F8D0005EC0D4 /* icnbox_no.png */; };
		C7798E491A36F8D0005EC0D4 /* icnbox_ok.png in Resources */ = {isa = PBXBuildFile; fileRef = C7798E471A36F8D0005EC0D4 /* icnbox_ok.png */; };
		C7798E4C1A36FEC6005EC0D4 /* TFregistViewController.m in Sources */ = {isa = PBXBuildFile; fileRef = C7798E4B1A36FEC6005EC0D4 /* TFregistViewController.m */; };
		C7816DF11A42D6060019AD7F /* ChartSelectbuttonView.m in Sources */ = {isa = PBXBuildFile; fileRef = C7816DF01A42D6060019AD7F /* ChartSelectbuttonView.m */; };
		C78386C51A4BBE9C00C5731E /* ordersuccess.png in Resources */ = {isa = PBXBuildFile; fileRef = C78386C41A4BBE9C00C5731E /* ordersuccess.png */; };
		C788D5BE1A36C76F009BA362 /* main.m in Sources */ = {isa = PBXBuildFile; fileRef = C788D5BD1A36C76F009BA362 /* main.m */; };
		C788D5C11A36C76F009BA362 /* AppDelegate.m in Sources */ = {isa = PBXBuildFile; fileRef = C788D5C01A36C76F009BA362 /* AppDelegate.m */; };
		C788D5C41A36C76F009BA362 /* TastyFood.xcdatamodeld in Sources */ = {isa = PBXBuildFile; fileRef = C788D5C21A36C76F009BA362 /* TastyFood.xcdatamodeld */; };
		C788D5CC1A36C76F009BA362 /* Images.xcassets in Resources */ = {isa = PBXBuildFile; fileRef = C788D5CB1A36C76F009BA362 /* Images.xcassets */; };
		C788D5CF1A36C76F009BA362 /* LaunchScreen.xib in Resources */ = {isa = PBXBuildFile; fileRef = C788D5CD1A36C76F009BA362 /* LaunchScreen.xib */; };
		C788D5DB1A36C770009BA362 /* TastyFoodTests.m in Sources */ = {isa = PBXBuildFile; fileRef = C788D5DA1A36C770009BA362 /* TastyFoodTests.m */; };
		C788D5E91A36CB41009BA362 /* Foundation.framework in Frameworks */ = {isa = PBXBuildFile; fileRef = C788D5E81A36CB41009BA362 /* Foundation.framework */; };
		C788D5F01A36CB8C009BA362 /* TFloginViewController.m in Sources */ = {isa = PBXBuildFile; fileRef = C788D5EF1A36CB8C009BA362 /* TFloginViewController.m */; };
		C79E1D0D1A4BF7C300DDE339 /* TFsuperfoodViewController.m in Sources */ = {isa = PBXBuildFile; fileRef = C79E1D0C1A4BF7C300DDE339 /* TFsuperfoodViewController.m */; };
		C79EB88D1A406855000F6120 /* TFhtmlViewController.m in Sources */ = {isa = PBXBuildFile; fileRef = C79EB88C1A406855000F6120 /* TFhtmlViewController.m */; };
		C7A4A2401A4AD7F700DC8FF1 /* location.png in Resources */ = {isa = PBXBuildFile; fileRef = C7A4A23F1A4AD7F700DC8FF1 /* location.png */; };
		C7A4A2431A4B04F500DC8FF1 /* TFsingleCategoryViewController.m in Sources */ = {isa = PBXBuildFile; fileRef = C7A4A2421A4B04F500DC8FF1 /* TFsingleCategoryViewController.m */; };
		C7C2D11F1A447D5F00A493DB /* header.png in Resources */ = {isa = PBXBuildFile; fileRef = C7C2D11E1A447D5F00A493DB /* header.png */; };
		C7C2D1211A447FCB00A493DB /* Pathbackimage.png in Resources */ = {isa = PBXBuildFile; fileRef = C7C2D1201A447FCB00A493DB /* Pathbackimage.png */; };
		C7DBA16F1A3D84A10087596E /* TboxKit.m in Sources */ = {isa = PBXBuildFile; fileRef = C7DBA16E1A3D84A10087596E /* TboxKit.m */; };
		C7DBA1751A3D8DFD0087596E /* UITextView+BindArgs.m in Sources */ = {isa = PBXBuildFile; fileRef = C7DBA1741A3D8DFD0087596E /* UITextView+BindArgs.m */; };
		C7DBA1781A3D92570087596E /* UITextField+BindArgs.m in Sources */ = {isa = PBXBuildFile; fileRef = C7DBA1771A3D92570087596E /* UITextField+BindArgs.m */; };
		C7DBA1811A3DAA6C0087596E /* TFeditPswViewController.m in Sources */ = {isa = PBXBuildFile; fileRef = C7DBA1801A3DAA6C0087596E /* TFeditPswViewController.m */; };
		C7DBA1841A3DAF320087596E /* TFeditAddressViewController.m in Sources */ = {isa = PBXBuildFile; fileRef = C7DBA1831A3DAF320087596E /* TFeditAddressViewController.m */; };
		C7DBA1871A3DB13D0087596E /* TFmyOrderViewController.m in Sources */ = {isa = PBXBuildFile; fileRef = C7DBA1861A3DB13D0087596E /* TFmyOrderViewController.m */; };
		C7DBA1A41A3DE6470087596E /* welcomeViewController.m in Sources */ = {isa = PBXBuildFile; fileRef = C7DBA1A31A3DE6470087596E /* welcomeViewController.m */; };
		C7E4B2851A384665000699B4 /* EGOCache.m in Sources */ = {isa = PBXBuildFile; fileRef = C7E4B2791A384665000699B4 /* EGOCache.m */; settings = {COMPILER_FLAGS = "-fno-objc-arc"; }; };
		C7E4B2861A384665000699B4 /* EGOImageButton.m in Sources */ = {isa = PBXBuildFile; fileRef = C7E4B27C1A384665000699B4 /* EGOImageButton.m */; settings = {COMPILER_FLAGS = "-fno-objc-arc"; }; };
		C7E4B2871A384665000699B4 /* EGOImageLoadConnection.m in Sources */ = {isa = PBXBuildFile; fileRef = C7E4B27F1A384665000699B4 /* EGOImageLoadConnection.m */; settings = {COMPILER_FLAGS = "-fno-objc-arc"; }; };
		C7E4B2881A384665000699B4 /* EGOImageLoader.m in Sources */ = {isa = PBXBuildFile; fileRef = C7E4B2811A384665000699B4 /* EGOImageLoader.m */; settings = {COMPILER_FLAGS = "-fno-objc-arc"; }; };
		C7E4B2891A384665000699B4 /* EGOImageView.m in Sources */ = {isa = PBXBuildFile; fileRef = C7E4B2841A384665000699B4 /* EGOImageView.m */; settings = {COMPILER_FLAGS = "-fno-objc-arc"; }; };
		C7E4B2A91A3849DD000699B4 /* NSData+GIF.m in Sources */ = {isa = PBXBuildFile; fileRef = C7E4B28F1A3849DD000699B4 /* NSData+GIF.m */; };
		C7E4B2AA1A3849DD000699B4 /* SDImageCache.m in Sources */ = {isa = PBXBuildFile; fileRef = C7E4B2911A3849DD000699B4 /* SDImageCache.m */; };
		C7E4B2AB1A3849DD000699B4 /* SDWebImageCompat.m in Sources */ = {isa = PBXBuildFile; fileRef = C7E4B2931A3849DD000699B4 /* SDWebImageCompat.m */; };
		C7E4B2AC1A3849DD000699B4 /* SDWebImageDecoder.m in Sources */ = {isa = PBXBuildFile; fileRef = C7E4B2951A3849DD000699B4 /* SDWebImageDecoder.m */; };
		C7E4B2AD1A3849DD000699B4 /* SDWebImageDownloader.m in Sources */ = {isa = PBXBuildFile; fileRef = C7E4B2971A3849DD000699B4 /* SDWebImageDownloader.m */; };
		C7E4B2AE1A3849DD000699B4 /* SDWebImageDownloaderOperation.m in Sources */ = {isa = PBXBuildFile; fileRef = C7E4B2991A3849DD000699B4 /* SDWebImageDownloaderOperation.m */; };
		C7E4B2AF1A3849DD000699B4 /* SDWebImageManager.m in Sources */ = {isa = PBXBuildFile; fileRef = C7E4B29B1A3849DD000699B4 /* SDWebImageManager.m */; };
		C7E4B2B01A3849DD000699B4 /* SDWebImagePrefetcher.m in Sources */ = {isa = PBXBuildFile; fileRef = C7E4B29E1A3849DD000699B4 /* SDWebImagePrefetcher.m */; };
		C7E4B2B11A3849DD000699B4 /* UIButton+WebCache.m in Sources */ = {isa = PBXBuildFile; fileRef = C7E4B2A01A3849DD000699B4 /* UIButton+WebCache.m */; };
		C7E4B2B21A3849DD000699B4 /* UIImage+GIF.m in Sources */ = {isa = PBXBuildFile; fileRef = C7E4B2A21A3849DD000699B4 /* UIImage+GIF.m */; };
		C7E4B2B31A3849DD000699B4 /* UIImage+MultiFormat.m in Sources */ = {isa = PBXBuildFile; fileRef = C7E4B2A41A3849DD000699B4 /* UIImage+MultiFormat.m */; };
		C7E4B2B41A3849DD000699B4 /* UIImageView+WebCache.m in Sources */ = {isa = PBXBuildFile; fileRef = C7E4B2A61A3849DD000699B4 /* UIImageView+WebCache.m */; };
		C7E4B2BD1A388ED5000699B4 /* menu_1.png in Resources */ = {isa = PBXBuildFile; fileRef = C7E4B2B61A388ED5000699B4 /* menu_1.png */; };
		C7E4B2BE1A388ED5000699B4 /* menu_2.png in Resources */ = {isa = PBXBuildFile; fileRef = C7E4B2B71A388ED5000699B4 /* menu_2.png */; };
		C7E4B2BF1A388ED5000699B4 /* menu_3.png in Resources */ = {isa = PBXBuildFile; fileRef = C7E4B2B81A388ED5000699B4 /* menu_3.png */; };
		C7E4B2C01A388ED5000699B4 /* menu_4.png in Resources */ = {isa = PBXBuildFile; fileRef = C7E4B2B91A388ED5000699B4 /* menu_4.png */; };
		C7E4B2C11A388ED5000699B4 /* menu_5.png in Resources */ = {isa = PBXBuildFile; fileRef = C7E4B2BA1A388ED5000699B4 /* menu_5.png */; };
		C7E4B2C21A388ED5000699B4 /* menu_6.png in Resources */ = {isa = PBXBuildFile; fileRef = C7E4B2BB1A388ED5000699B4 /* menu_6.png */; };
		C7E4B2C31A388ED5000699B4 /* menu_7.png in Resources */ = {isa = PBXBuildFile; fileRef = C7E4B2BC1A388ED5000699B4 /* menu_7.png */; };
		C7EAEF121A5ECA2800BB9E13 /* bg_023@2x.png in Resources */ = {isa = PBXBuildFile; fileRef = C7EAEF051A5ECA2800BB9E13 /* bg_023@2x.png */; };
		C7EAEF131A5ECA2800BB9E13 /* btn_020.disable@2x.png in Resources */ = {isa = PBXBuildFile; fileRef = C7EAEF061A5ECA2800BB9E13 /* btn_020.disable@2x.png */; };
		C7EAEF141A5ECA2800BB9E13 /* btn_020.press@2x.png in Resources */ = {isa = PBXBuildFile; fileRef = C7EAEF071A5ECA2800BB9E13 /* btn_020.press@2x.png */; };
		C7EAEF151A5ECA2800BB9E13 /* btn_020@2x.png in Resources */ = {isa = PBXBuildFile; fileRef = C7EAEF081A5ECA2800BB9E13 /* btn_020@2x.png */; };
		C7EAEF161A5ECA2800BB9E13 /* btn_021.disable@2x.png in Resources */ = {isa = PBXBuildFile; fileRef = C7EAEF091A5ECA2800BB9E13 /* btn_021.disable@2x.png */; };
		C7EAEF171A5ECA2800BB9E13 /* btn_021.press@2x.png in Resources */ = {isa = PBXBuildFile; fileRef = C7EAEF0A1A5ECA2800BB9E13 /* btn_021.press@2x.png */; };
		C7EAEF181A5ECA2800BB9E13 /* btn_021@2x.png in Resources */ = {isa = PBXBuildFile; fileRef = C7EAEF0B1A5ECA2800BB9E13 /* btn_021@2x.png */; };
		C7EAEF191A5ECA2800BB9E13 /* ProvincesAndCities.plist in Resources */ = {isa = PBXBuildFile; fileRef = C7EAEF0C1A5ECA2800BB9E13 /* ProvincesAndCities.plist */; };
		C7EAEF1A1A5ECA2800BB9E13 /* TSLocateView.m in Sources */ = {isa = PBXBuildFile; fileRef = C7EAEF0E1A5ECA2800BB9E13 /* TSLocateView.m */; };
		C7EAEF1B1A5ECA2800BB9E13 /* TSLocateView.xib in Resources */ = {isa = PBXBuildFile; fileRef = C7EAEF0F1A5ECA2800BB9E13 /* TSLocateView.xib */; };
		C7EAEF1C1A5ECA2800BB9E13 /* TSLocation.m in Sources */ = {isa = PBXBuildFile; fileRef = C7EAEF111A5ECA2800BB9E13 /* TSLocation.m */; };
		C7EAEF1F1A5ECB6600BB9E13 /* TFcityViewController.m in Sources */ = {isa = PBXBuildFile; fileRef = C7EAEF1E1A5ECB6600BB9E13 /* TFcityViewController.m */; };
/* End PBXBuildFile section */

/* Begin PBXContainerItemProxy section */
		C788D5D51A36C770009BA362 /* PBXContainerItemProxy */ = {
			isa = PBXContainerItemProxy;
			containerPortal = C788D5B01A36C76F009BA362 /* Project object */;
			proxyType = 1;
			remoteGlobalIDString = C788D5B71A36C76F009BA362;
			remoteInfo = TastyFood;
		};
/* End PBXContainerItemProxy section */

/* Begin PBXFileReference section */
		685964FEB75CF3C63505A171 /* Pods.debug.xcconfig */ = {isa = PBXFileReference; includeInIndex = 1; lastKnownFileType = text.xcconfig; name = Pods.debug.xcconfig; path = "Pods/Target Support Files/Pods/Pods.debug.xcconfig"; sourceTree = "<group>"; };
		C715EA221A5D7851008294D1 /* superbackground.png */ = {isa = PBXFileReference; lastKnownFileType = image.png; path = superbackground.png; sourceTree = "<group>"; };
		C715EA241A5D7924008294D1 /* superMenu.h */ = {isa = PBXFileReference; fileEncoding = 4; lastKnownFileType = sourcecode.c.h; path = superMenu.h; sourceTree = "<group>"; };
		C715EA251A5D7924008294D1 /* superMenu.m */ = {isa = PBXFileReference; fileEncoding = 4; lastKnownFileType = sourcecode.c.objc; path = superMenu.m; sourceTree = "<group>"; };
		C715EA271A5D85F9008294D1 /* ASIHttpMangment.h */ = {isa = PBXFileReference; fileEncoding = 4; lastKnownFileType = sourcecode.c.h; path = ASIHttpMangment.h; sourceTree = "<group>"; };
		C715EA281A5D85F9008294D1 /* ASIHttpMangment.m */ = {isa = PBXFileReference; fileEncoding = 4; lastKnownFileType = sourcecode.c.objc; path = ASIHttpMangment.m; sourceTree = "<group>"; };
		C715EA2A1A5D8BE4008294D1 /* SystemConfiguration.framework */ = {isa = PBXFileReference; lastKnownFileType = wrapper.framework; name = SystemConfiguration.framework; path = System/Library/Frameworks/SystemConfiguration.framework; sourceTree = SDKROOT; };
		C715EA2C1A5D8C19008294D1 /* libsqlite3.dylib */ = {isa = PBXFileReference; lastKnownFileType = "compiled.mach-o.dylib"; name = libsqlite3.dylib; path = usr/lib/libsqlite3.dylib; sourceTree = SDKROOT; };
		C7324DA61A46E23800C9EB75 /* TFregionViewController.h */ = {isa = PBXFileReference; fileEncoding = 4; lastKnownFileType = sourcecode.c.h; path = TFregionViewController.h; sourceTree = "<group>"; };
		C7324DA71A46E23800C9EB75 /* TFregionViewController.m */ = {isa = PBXFileReference; fileEncoding = 4; lastKnownFileType = sourcecode.c.objc; path = TFregionViewController.m; sourceTree = "<group>"; };
		C7324DA91A46E65D00C9EB75 /* CustomtabbarController.h */ = {isa = PBXFileReference; fileEncoding = 4; lastKnownFileType = sourcecode.c.h; path = CustomtabbarController.h; sourceTree = "<group>"; };
		C7324DAA1A46E65D00C9EB75 /* CustomtabbarController.m */ = {isa = PBXFileReference; fileEncoding = 4; lastKnownFileType = sourcecode.c.objc; path = CustomtabbarController.m; sourceTree = "<group>"; };
		C7324DAC1A46F19800C9EB75 /* DatePickerView.h */ = {isa = PBXFileReference; fileEncoding = 4; lastKnownFileType = sourcecode.c.h; path = DatePickerView.h; sourceTree = "<group>"; };
		C7324DAD1A46F19800C9EB75 /* DatePickerView.m */ = {isa = PBXFileReference; fileEncoding = 4; lastKnownFileType = sourcecode.c.objc; path = DatePickerView.m; sourceTree = "<group>"; };
		C757CC181A5ACED80096689F /* ShopImage.h */ = {isa = PBXFileReference; fileEncoding = 4; lastKnownFileType = sourcecode.c.h; path = ShopImage.h; sourceTree = "<group>"; };
		C757CC191A5ACED80096689F /* ShopImage.m */ = {isa = PBXFileReference; fileEncoding = 4; lastKnownFileType = sourcecode.c.objc; path = ShopImage.m; sourceTree = "<group>"; };
		C757CC1C1A5AE8D40096689F /* index_drink.png */ = {isa = PBXFileReference; lastKnownFileType = image.png; path = index_drink.png; sourceTree = "<group>"; };
		C757CC1D1A5AE8D40096689F /* index_fruits.png */ = {isa = PBXFileReference; lastKnownFileType = image.png; path = index_fruits.png; sourceTree = "<group>"; };
		C757CC1E1A5AE8D40096689F /* index_import.png */ = {isa = PBXFileReference; lastKnownFileType = image.png; path = index_import.png; sourceTree = "<group>"; };
		C757CC1F1A5AE8D40096689F /* index_Organic.png */ = {isa = PBXFileReference; lastKnownFileType = image.png; path = index_Organic.png; sourceTree = "<group>"; };
		C757CC201A5AE8D40096689F /* index_seafood.png */ = {isa = PBXFileReference; lastKnownFileType = image.png; path = index_seafood.png; sourceTree = "<group>"; };
		C757CC271A5AEB2A0096689F /* index_cooked.png */ = {isa = PBXFileReference; lastKnownFileType = image.png; path = index_cooked.png; sourceTree = "<group>"; };
		C757CC281A5AEB2A0096689F /* index_egg.png */ = {isa = PBXFileReference; lastKnownFileType = image.png; path = index_egg.png; sourceTree = "<group>"; };
		C757CC291A5AEB2A0096689F /* index_meat.png */ = {isa = PBXFileReference; lastKnownFileType = image.png; path = index_meat.png; sourceTree = "<group>"; };
		C757CC2A1A5AEB2A0096689F /* index_more.png */ = {isa = PBXFileReference; lastKnownFileType = image.png; path = index_more.png; sourceTree = "<group>"; };
		C757CC2B1A5AEB2A0096689F /* index_rice.png */ = {isa = PBXFileReference; lastKnownFileType = image.png; path = index_rice.png; sourceTree = "<group>"; };
		C757CC2C1A5AEB2A0096689F /* index_shrimp.png */ = {isa = PBXFileReference; lastKnownFileType = image.png; path = index_shrimp.png; sourceTree = "<group>"; };
		C757CC2D1A5AEB2A0096689F /* index_veg.png */ = {isa = PBXFileReference; lastKnownFileType = image.png; path = index_veg.png; sourceTree = "<group>"; };
		C760C1CC1A3B327300040DF2 /* UIScrollView+BindArgs.h */ = {isa = PBXFileReference; fileEncoding = 4; lastKnownFileType = sourcecode.c.h; path = "UIScrollView+BindArgs.h"; sourceTree = "<group>"; };
		C760C1CD1A3B327300040DF2 /* UIScrollView+BindArgs.m */ = {isa = PBXFileReference; fileEncoding = 4; lastKnownFileType = sourcecode.c.objc; path = "UIScrollView+BindArgs.m"; sourceTree = "<group>"; };
		C760C1DC1A3B408200040DF2 /* UIImageView+BindArgs.h */ = {isa = PBXFileReference; fileEncoding = 4; lastKnownFileType = sourcecode.c.h; path = "UIImageView+BindArgs.h"; sourceTree = "<group>"; };
		C760C1DD1A3B408200040DF2 /* UIImageView+BindArgs.m */ = {isa = PBXFileReference; fileEncoding = 4; lastKnownFileType = sourcecode.c.objc; path = "UIImageView+BindArgs.m"; sourceTree = "<group>"; };
		C760C1DF1A3B45AC00040DF2 /* UITableView+BindArgs.h */ = {isa = PBXFileReference; fileEncoding = 4; lastKnownFileType = sourcecode.c.h; path = "UITableView+BindArgs.h"; sourceTree = "<group>"; };
		C760C1E01A3B45AC00040DF2 /* UITableView+BindArgs.m */ = {isa = PBXFileReference; fileEncoding = 4; lastKnownFileType = sourcecode.c.objc; path = "UITableView+BindArgs.m"; sourceTree = "<group>"; };
		C760C1FD1A3B59E000040DF2 /* CellViews.h */ = {isa = PBXFileReference; fileEncoding = 4; lastKnownFileType = sourcecode.c.h; path = CellViews.h; sourceTree = "<group>"; };
		C760C1FE1A3B59E000040DF2 /* CellViews.m */ = {isa = PBXFileReference; fileEncoding = 4; lastKnownFileType = sourcecode.c.objc; path = CellViews.m; sourceTree = "<group>"; };
		C760C2061A3B5BE200040DF2 /* UILabel+BindArgs.h */ = {isa = PBXFileReference; fileEncoding = 4; lastKnownFileType = sourcecode.c.h; path = "UILabel+BindArgs.h"; sourceTree = "<group>"; };
		C760C2071A3B5BE200040DF2 /* UILabel+BindArgs.m */ = {isa = PBXFileReference; fileEncoding = 4; lastKnownFileType = sourcecode.c.objc; path = "UILabel+BindArgs.m"; sourceTree = "<group>"; };
		C76CBBD01A42FC1200B57BBC /* hometitle_image.png */ = {isa = PBXFileReference; lastKnownFileType = image.png; path = hometitle_image.png; sourceTree = "<group>"; };
		C76CBBDF1A43146D00B57BBC /* WWSideslipViewController.h */ = {isa = PBXFileReference; fileEncoding = 4; lastKnownFileType = sourcecode.c.h; path = WWSideslipViewController.h; sourceTree = "<group>"; };
		C76CBBE01A43146D00B57BBC /* WWSideslipViewController.m */ = {isa = PBXFileReference; fileEncoding = 4; lastKnownFileType = sourcecode.c.objc; path = WWSideslipViewController.m; sourceTree = "<group>"; };
		C76CBBE31A43172600B57BBC /* MSSlidingPanelController.h */ = {isa = PBXFileReference; fileEncoding = 4; lastKnownFileType = sourcecode.c.h; path = MSSlidingPanelController.h; sourceTree = "<group>"; };
		C76CBBE41A43172600B57BBC /* MSSlidingPanelController.m */ = {isa = PBXFileReference; fileEncoding = 4; lastKnownFileType = sourcecode.c.objc; path = MSSlidingPanelController.m; sourceTree = "<group>"; };
		C76CBBE51A43172600B57BBC /* MSViewControllerSlidingPanel.h */ = {isa = PBXFileReference; fileEncoding = 4; lastKnownFileType = sourcecode.c.h; path = MSViewControllerSlidingPanel.h; sourceTree = "<group>"; };
		C76CBBE61A43172600B57BBC /* MSViewControllerSlidingPanel.m */ = {isa = PBXFileReference; fileEncoding = 4; lastKnownFileType = sourcecode.c.objc; path = MSViewControllerSlidingPanel.m; sourceTree = "<group>"; };
		C76CBBE91A431E3500B57BBC /* TFmyPathViewController.h */ = {isa = PBXFileReference; fileEncoding = 4; lastKnownFileType = sourcecode.c.h; path = TFmyPathViewController.h; sourceTree = "<group>"; };
		C76CBBEA1A431E3500B57BBC /* TFmyPathViewController.m */ = {isa = PBXFileReference; fileEncoding = 4; lastKnownFileType = sourcecode.c.objc; path = TFmyPathViewController.m; sourceTree = "<group>"; };
		C76FE4571A3801F600C973BF /* TFhomeViewController.h */ = {isa = PBXFileReference; fileEncoding = 4; lastKnownFileType = sourcecode.c.h; path = TFhomeViewController.h; sourceTree = "<group>"; };
		C76FE4581A3801F600C973BF /* TFhomeViewController.m */ = {isa = PBXFileReference; fileEncoding = 4; lastKnownFileType = sourcecode.c.objc; path = TFhomeViewController.m; sourceTree = "<group>"; };
		C76FE45A1A38020A00C973BF /* TFshoppingcartViewController.h */ = {isa = PBXFileReference; fileEncoding = 4; lastKnownFileType = sourcecode.c.h; path = TFshoppingcartViewController.h; sourceTree = "<group>"; };
		C76FE45B1A38020A00C973BF /* TFshoppingcartViewController.m */ = {isa = PBXFileReference; fileEncoding = 4; lastKnownFileType = sourcecode.c.objc; path = TFshoppingcartViewController.m; sourceTree = "<group>"; };
		C76FE45D1A38023C00C973BF /* TFfoodMarketViewController.h */ = {isa = PBXFileReference; fileEncoding = 4; lastKnownFileType = sourcecode.c.h; path = TFfoodMarketViewController.h; sourceTree = "<group>"; };
		C76FE45E1A38023C00C973BF /* TFfoodMarketViewController.m */ = {isa = PBXFileReference; fileEncoding = 4; lastKnownFileType = sourcecode.c.objc; path = TFfoodMarketViewController.m; sourceTree = "<group>"; };
		C76FE4601A3803A000C973BF /* TFMainTabbarController.h */ = {isa = PBXFileReference; fileEncoding = 4; lastKnownFileType = sourcecode.c.h; path = TFMainTabbarController.h; sourceTree = "<group>"; };
		C76FE4611A3803A000C973BF /* TFMainTabbarController.m */ = {isa = PBXFileReference; fileEncoding = 4; lastKnownFileType = sourcecode.c.objc; path = TFMainTabbarController.m; sourceTree = "<group>"; };
		C76FE4631A38046D00C973BF /* TFpersonViewController.h */ = {isa = PBXFileReference; fileEncoding = 4; lastKnownFileType = sourcecode.c.h; path = TFpersonViewController.h; sourceTree = "<group>"; };
		C76FE4641A38046D00C973BF /* TFpersonViewController.m */ = {isa = PBXFileReference; fileEncoding = 4; lastKnownFileType = sourcecode.c.objc; path = TFpersonViewController.m; sourceTree = "<group>"; };
		C76FE4671A38092700C973BF /* Contents.json */ = {isa = PBXFileReference; fileEncoding = 4; lastKnownFileType = text.json; path = Contents.json; sourceTree = "<group>"; };
		C76FE4681A38092700C973BF /* Default-568h@2x.png */ = {isa = PBXFileReference; lastKnownFileType = image.png; path = "Default-568h@2x.png"; sourceTree = "<group>"; };
		C76FE4691A38092700C973BF /* Default-Landscape@2x~ipad.png */ = {isa = PBXFileReference; lastKnownFileType = image.png; path = "Default-Landscape@2x~ipad.png"; sourceTree = "<group>"; };
		C76FE46A1A38092700C973BF /* Default-Landscape~ipad.png */ = {isa = PBXFileReference; lastKnownFileType = image.png; path = "Default-Landscape~ipad.png"; sourceTree = "<group>"; };
		C76FE46B1A38092700C973BF /* Default-Portrait@2x~ipad.png */ = {isa = PBXFileReference; lastKnownFileType = image.png; path = "Default-Portrait@2x~ipad.png"; sourceTree = "<group>"; };
		C76FE46C1A38092700C973BF /* Default-Portrait~ipad.png */ = {isa = PBXFileReference; lastKnownFileType = image.png; path = "Default-Portrait~ipad.png"; sourceTree = "<group>"; };
		C76FE46D1A38092700C973BF /* Default.png */ = {isa = PBXFileReference; lastKnownFileType = image.png; path = Default.png; sourceTree = "<group>"; };
		C76FE46E1A38092700C973BF /* Default@2x.png */ = {isa = PBXFileReference; lastKnownFileType = image.png; path = "Default@2x.png"; sourceTree = "<group>"; };
		C76FE46F1A38092700C973BF /* LaunchImage-700-568h@2x.png */ = {isa = PBXFileReference; lastKnownFileType = image.png; path = "LaunchImage-700-568h@2x.png"; sourceTree = "<group>"; };
		C76FE4701A38092700C973BF /* LaunchImage-800-667h@2x.png */ = {isa = PBXFileReference; lastKnownFileType = image.png; path = "LaunchImage-800-667h@2x.png"; sourceTree = "<group>"; };
		C76FE4711A38092700C973BF /* LaunchImage-800-Landscape-736h@3x.png */ = {isa = PBXFileReference; lastKnownFileType = image.png; path = "LaunchImage-800-Landscape-736h@3x.png"; sourceTree = "<group>"; };
		C76FE4721A38092700C973BF /* LaunchImage-800-Portrait-736h@3x.png */ = {isa = PBXFileReference; lastKnownFileType = image.png; path = "LaunchImage-800-Portrait-736h@3x.png"; sourceTree = "<group>"; };
		C77382F01A3837CA00ABDA7D /* ImagePlayerView.h */ = {isa = PBXFileReference; fileEncoding = 4; lastKnownFileType = sourcecode.c.h; path = ImagePlayerView.h; sourceTree = "<group>"; };
		C77382F11A3837CA00ABDA7D /* ImagePlayerView.m */ = {isa = PBXFileReference; fileEncoding = 4; lastKnownFileType = sourcecode.c.objc; path = ImagePlayerView.m; sourceTree = "<group>"; };
		C7764FF91A419A0800B5AFA9 /* MenuTabbarView.h */ = {isa = PBXFileReference; fileEncoding = 4; lastKnownFileType = sourcecode.c.h; path = MenuTabbarView.h; sourceTree = "<group>"; };
		C7764FFA1A419A0800B5AFA9 /* MenuTabbarView.m */ = {isa = PBXFileReference; fileEncoding = 4; lastKnownFileType = sourcecode.c.objc; path = MenuTabbarView.m; sourceTree = "<group>"; };
		C77650021A41D5DE00B5AFA9 /* shapchart.png */ = {isa = PBXFileReference; lastKnownFileType = image.png; path = shapchart.png; sourceTree = "<group>"; };
		C77650031A41D5DE00B5AFA9 /* tabbar_01.png */ = {isa = PBXFileReference; lastKnownFileType = image.png; path = tabbar_01.png; sourceTree = "<group>"; };
		C77650041A41D5DE00B5AFA9 /* tabbar_01@2x.png */ = {isa = PBXFileReference; lastKnownFileType = image.png; path = "tabbar_01@2x.png"; sourceTree = "<group>"; };
		C77650051A41D5DE00B5AFA9 /* tabbar_02.png */ = {isa = PBXFileReference; lastKnownFileType = image.png; path = tabbar_02.png; sourceTree = "<group>"; };
		C77650061A41D5DE00B5AFA9 /* tabbar_02@2x.png */ = {isa = PBXFileReference; lastKnownFileType = image.png; path = "tabbar_02@2x.png"; sourceTree = "<group>"; };
		C77650071A41D5DE00B5AFA9 /* tabbar_03.png */ = {isa = PBXFileReference; lastKnownFileType = image.png; path = tabbar_03.png; sourceTree = "<group>"; };
		C77650081A41D5DE00B5AFA9 /* tabbar_03@2x.png */ = {isa = PBXFileReference; lastKnownFileType = image.png; path = "tabbar_03@2x.png"; sourceTree = "<group>"; };
		C77650091A41D5DE00B5AFA9 /* tabbarchart.png */ = {isa = PBXFileReference; lastKnownFileType = image.png; path = tabbarchart.png; sourceTree = "<group>"; };
		C776500A1A41D5DE00B5AFA9 /* tabbarchart@2x.png */ = {isa = PBXFileReference; lastKnownFileType = image.png; path = "tabbarchart@2x.png"; sourceTree = "<group>"; };
		C776500B1A41D5DE00B5AFA9 /* Toolbarback.png */ = {isa = PBXFileReference; lastKnownFileType = image.png; path = Toolbarback.png; sourceTree = "<group>"; };
		C77650171A41DCCC00B5AFA9 /* JSBadgeView.h */ = {isa = PBXFileReference; fileEncoding = 4; lastKnownFileType = sourcecode.c.h; path = JSBadgeView.h; sourceTree = "<group>"; };
		C77650181A41DCCC00B5AFA9 /* JSBadgeView.m */ = {isa = PBXFileReference; fileEncoding = 4; lastKnownFileType = sourcecode.c.objc; path = JSBadgeView.m; sourceTree = "<group>"; };
		C776501A1A41E22A00B5AFA9 /* delete.png */ = {isa = PBXFileReference; lastKnownFileType = image.png; path = delete.png; sourceTree = "<group>"; };
		C7798E311A36EA30005EC0D4 /* NSURLRequest+NSURLRequestWithIgnoreSSL.h */ = {isa = PBXFileReference; fileEncoding = 4; lastKnownFileType = sourcecode.c.h; path = "NSURLRequest+NSURLRequestWithIgnoreSSL.h"; sourceTree = "<group>"; };
		C7798E321A36EA30005EC0D4 /* NSURLRequest+NSURLRequestWithIgnoreSSL.m */ = {isa = PBXFileReference; fileEncoding = 4; lastKnownFileType = sourcecode.c.objc; path = "NSURLRequest+NSURLRequestWithIgnoreSSL.m"; sourceTree = "<group>"; };
		C7798E331A36EA30005EC0D4 /* UIAlertView+BindArgs.h */ = {isa = PBXFileReference; fileEncoding = 4; lastKnownFileType = sourcecode.c.h; path = "UIAlertView+BindArgs.h"; sourceTree = "<group>"; };
		C7798E341A36EA30005EC0D4 /* UIAlertView+BindArgs.m */ = {isa = PBXFileReference; fileEncoding = 4; lastKnownFileType = sourcecode.c.objc; path = "UIAlertView+BindArgs.m"; sourceTree = "<group>"; };
		C7798E351A36EA30005EC0D4 /* UIButton+BindArgs.h */ = {isa = PBXFileReference; fileEncoding = 4; lastKnownFileType = sourcecode.c.h; path = "UIButton+BindArgs.h"; sourceTree = "<group>"; };
		C7798E361A36EA30005EC0D4 /* UIButton+BindArgs.m */ = {isa = PBXFileReference; fileEncoding = 4; lastKnownFileType = sourcecode.c.objc; path = "UIButton+BindArgs.m"; sourceTree = "<group>"; };
		C7798E371A36EA30005EC0D4 /* UIImageView+WebCache.h */ = {isa = PBXFileReference; fileEncoding = 4; lastKnownFileType = sourcecode.c.h; path = "UIImageView+WebCache.h"; sourceTree = "<group>"; };
		C7798E381A36EA30005EC0D4 /* UIImageView+WebCache.m */ = {isa = PBXFileReference; fileEncoding = 4; lastKnownFileType = sourcecode.c.objc; path = "UIImageView+WebCache.m"; sourceTree = "<group>"; };
		C7798E391A36EA30005EC0D4 /* UIView+BindArgs.h */ = {isa = PBXFileReference; fileEncoding = 4; lastKnownFileType = sourcecode.c.h; path = "UIView+BindArgs.h"; sourceTree = "<group>"; };
		C7798E3A1A36EA30005EC0D4 /* UIView+BindArgs.m */ = {isa = PBXFileReference; fileEncoding = 4; lastKnownFileType = sourcecode.c.objc; path = "UIView+BindArgs.m"; sourceTree = "<group>"; };
		C7798E411A36EF17005EC0D4 /* PrefixHeader.pch */ = {isa = PBXFileReference; fileEncoding = 4; lastKnownFileType = sourcecode.c.h; path = PrefixHeader.pch; sourceTree = "<group>"; };
		C7798E421A36F709005EC0D4 /* password@2x.png */ = {isa = PBXFileReference; lastKnownFileType = image.png; path = "password@2x.png"; sourceTree = "<group>"; };
		C7798E441A36F7D6005EC0D4 /* username@2x.png */ = {isa = PBXFileReference; lastKnownFileType = image.png; path = "username@2x.png"; sourceTree = "<group>"; };
		C7798E461A36F8D0005EC0D4 /* icnbox_no.png */ = {isa = PBXFileReference; lastKnownFileType = image.png; path = icnbox_no.png; sourceTree = "<group>"; };
		C7798E471A36F8D0005EC0D4 /* icnbox_ok.png */ = {isa = PBXFileReference; lastKnownFileType = image.png; path = icnbox_ok.png; sourceTree = "<group>"; };
		C7798E4A1A36FEC6005EC0D4 /* TFregistViewController.h */ = {isa = PBXFileReference; fileEncoding = 4; lastKnownFileType = sourcecode.c.h; path = TFregistViewController.h; sourceTree = "<group>"; };
		C7798E4B1A36FEC6005EC0D4 /* TFregistViewController.m */ = {isa = PBXFileReference; fileEncoding = 4; lastKnownFileType = sourcecode.c.objc; path = TFregistViewController.m; sourceTree = "<group>"; };
		C7816DEF1A42D6060019AD7F /* ChartSelectbuttonView.h */ = {isa = PBXFileReference; fileEncoding = 4; lastKnownFileType = sourcecode.c.h; path = ChartSelectbuttonView.h; sourceTree = "<group>"; };
		C7816DF01A42D6060019AD7F /* ChartSelectbuttonView.m */ = {isa = PBXFileReference; fileEncoding = 4; lastKnownFileType = sourcecode.c.objc; path = ChartSelectbuttonView.m; sourceTree = "<group>"; };
		C78386C41A4BBE9C00C5731E /* ordersuccess.png */ = {isa = PBXFileReference; lastKnownFileType = image.png; path = ordersuccess.png; sourceTree = "<group>"; };
		C788D5B81A36C76F009BA362 /* TastyFood.app */ = {isa = PBXFileReference; explicitFileType = wrapper.application; includeInIndex = 0; path = TastyFood.app; sourceTree = BUILT_PRODUCTS_DIR; };
		C788D5BC1A36C76F009BA362 /* Info.plist */ = {isa = PBXFileReference; lastKnownFileType = text.plist.xml; path = Info.plist; sourceTree = "<group>"; };
		C788D5BD1A36C76F009BA362 /* main.m */ = {isa = PBXFileReference; lastKnownFileType = sourcecode.c.objc; path = main.m; sourceTree = "<group>"; };
		C788D5BF1A36C76F009BA362 /* AppDelegate.h */ = {isa = PBXFileReference; lastKnownFileType = sourcecode.c.h; path = AppDelegate.h; sourceTree = "<group>"; };
		C788D5C01A36C76F009BA362 /* AppDelegate.m */ = {isa = PBXFileReference; lastKnownFileType = sourcecode.c.objc; path = AppDelegate.m; sourceTree = "<group>"; };
		C788D5C31A36C76F009BA362 /* TastyFood.xcdatamodel */ = {isa = PBXFileReference; lastKnownFileType = wrapper.xcdatamodel; path = TastyFood.xcdatamodel; sourceTree = "<group>"; };
		C788D5CB1A36C76F009BA362 /* Images.xcassets */ = {isa = PBXFileReference; lastKnownFileType = folder.assetcatalog; path = Images.xcassets; sourceTree = "<group>"; };
		C788D5CE1A36C76F009BA362 /* Base */ = {isa = PBXFileReference; lastKnownFileType = file.xib; name = Base; path = Base.lproj/LaunchScreen.xib; sourceTree = "<group>"; };
		C788D5D41A36C770009BA362 /* TastyFoodTests.xctest */ = {isa = PBXFileReference; explicitFileType = wrapper.cfbundle; includeInIndex = 0; path = TastyFoodTests.xctest; sourceTree = BUILT_PRODUCTS_DIR; };
		C788D5D91A36C770009BA362 /* Info.plist */ = {isa = PBXFileReference; lastKnownFileType = text.plist.xml; path = Info.plist; sourceTree = "<group>"; };
		C788D5DA1A36C770009BA362 /* TastyFoodTests.m */ = {isa = PBXFileReference; lastKnownFileType = sourcecode.c.objc; path = TastyFoodTests.m; sourceTree = "<group>"; };
		C788D5E81A36CB41009BA362 /* Foundation.framework */ = {isa = PBXFileReference; lastKnownFileType = wrapper.framework; name = Foundation.framework; path = System/Library/Frameworks/Foundation.framework; sourceTree = SDKROOT; };
		C788D5EE1A36CB8C009BA362 /* TFloginViewController.h */ = {isa = PBXFileReference; fileEncoding = 4; lastKnownFileType = sourcecode.c.h; path = TFloginViewController.h; sourceTree = "<group>"; };
		C788D5EF1A36CB8C009BA362 /* TFloginViewController.m */ = {isa = PBXFileReference; fileEncoding = 4; lastKnownFileType = sourcecode.c.objc; path = TFloginViewController.m; sourceTree = "<group>"; };
		C79E1D0B1A4BF7C300DDE339 /* TFsuperfoodViewController.h */ = {isa = PBXFileReference; fileEncoding = 4; lastKnownFileType = sourcecode.c.h; path = TFsuperfoodViewController.h; sourceTree = "<group>"; };
		C79E1D0C1A4BF7C300DDE339 /* TFsuperfoodViewController.m */ = {isa = PBXFileReference; fileEncoding = 4; lastKnownFileType = sourcecode.c.objc; path = TFsuperfoodViewController.m; sourceTree = "<group>"; };
		C79EB88B1A406855000F6120 /* TFhtmlViewController.h */ = {isa = PBXFileReference; fileEncoding = 4; lastKnownFileType = sourcecode.c.h; path = TFhtmlViewController.h; sourceTree = "<group>"; };
		C79EB88C1A406855000F6120 /* TFhtmlViewController.m */ = {isa = PBXFileReference; fileEncoding = 4; lastKnownFileType = sourcecode.c.objc; path = TFhtmlViewController.m; sourceTree = "<group>"; };
		C7A4A23F1A4AD7F700DC8FF1 /* location.png */ = {isa = PBXFileReference; lastKnownFileType = image.png; path = location.png; sourceTree = "<group>"; };
		C7A4A2411A4B04F500DC8FF1 /* TFsingleCategoryViewController.h */ = {isa = PBXFileReference; fileEncoding = 4; lastKnownFileType = sourcecode.c.h; path = TFsingleCategoryViewController.h; sourceTree = "<group>"; };
		C7A4A2421A4B04F500DC8FF1 /* TFsingleCategoryViewController.m */ = {isa = PBXFileReference; fileEncoding = 4; lastKnownFileType = sourcecode.c.objc; path = TFsingleCategoryViewController.m; sourceTree = "<group>"; };
		C7C2D11E1A447D5F00A493DB /* header.png */ = {isa = PBXFileReference; lastKnownFileType = image.png; path = header.png; sourceTree = "<group>"; };
		C7C2D1201A447FCB00A493DB /* Pathbackimage.png */ = {isa = PBXFileReference; lastKnownFileType = image.png; path = Pathbackimage.png; sourceTree = "<group>"; };
		C7DBA16D1A3D84A10087596E /* TboxKit.h */ = {isa = PBXFileReference; fileEncoding = 4; lastKnownFileType = sourcecode.c.h; path = TboxKit.h; sourceTree = "<group>"; };
		C7DBA16E1A3D84A10087596E /* TboxKit.m */ = {isa = PBXFileReference; fileEncoding = 4; lastKnownFileType = sourcecode.c.objc; path = TboxKit.m; sourceTree = "<group>"; };
		C7DBA1731A3D8DFD0087596E /* UITextView+BindArgs.h */ = {isa = PBXFileReference; fileEncoding = 4; lastKnownFileType = sourcecode.c.h; path = "UITextView+BindArgs.h"; sourceTree = "<group>"; };
		C7DBA1741A3D8DFD0087596E /* UITextView+BindArgs.m */ = {isa = PBXFileReference; fileEncoding = 4; lastKnownFileType = sourcecode.c.objc; path = "UITextView+BindArgs.m"; sourceTree = "<group>"; };
		C7DBA1761A3D92570087596E /* UITextField+BindArgs.h */ = {isa = PBXFileReference; fileEncoding = 4; lastKnownFileType = sourcecode.c.h; path = "UITextField+BindArgs.h"; sourceTree = "<group>"; };
		C7DBA1771A3D92570087596E /* UITextField+BindArgs.m */ = {isa = PBXFileReference; fileEncoding = 4; lastKnownFileType = sourcecode.c.objc; path = "UITextField+BindArgs.m"; sourceTree = "<group>"; };
		C7DBA17F1A3DAA6C0087596E /* TFeditPswViewController.h */ = {isa = PBXFileReference; fileEncoding = 4; lastKnownFileType = sourcecode.c.h; path = TFeditPswViewController.h; sourceTree = "<group>"; };
		C7DBA1801A3DAA6C0087596E /* TFeditPswViewController.m */ = {isa = PBXFileReference; fileEncoding = 4; lastKnownFileType = sourcecode.c.objc; path = TFeditPswViewController.m; sourceTree = "<group>"; };
		C7DBA1821A3DAF320087596E /* TFeditAddressViewController.h */ = {isa = PBXFileReference; fileEncoding = 4; lastKnownFileType = sourcecode.c.h; path = TFeditAddressViewController.h; sourceTree = "<group>"; };
		C7DBA1831A3DAF320087596E /* TFeditAddressViewController.m */ = {isa = PBXFileReference; fileEncoding = 4; lastKnownFileType = sourcecode.c.objc; path = TFeditAddressViewController.m; sourceTree = "<group>"; };
		C7DBA1851A3DB13D0087596E /* TFmyOrderViewController.h */ = {isa = PBXFileReference; fileEncoding = 4; lastKnownFileType = sourcecode.c.h; path = TFmyOrderViewController.h; sourceTree = "<group>"; };
		C7DBA1861A3DB13D0087596E /* TFmyOrderViewController.m */ = {isa = PBXFileReference; fileEncoding = 4; lastKnownFileType = sourcecode.c.objc; path = TFmyOrderViewController.m; sourceTree = "<group>"; };
		C7DBA1A21A3DE6470087596E /* welcomeViewController.h */ = {isa = PBXFileReference; fileEncoding = 4; lastKnownFileType = sourcecode.c.h; path = welcomeViewController.h; sourceTree = "<group>"; };
		C7DBA1A31A3DE6470087596E /* welcomeViewController.m */ = {isa = PBXFileReference; fileEncoding = 4; lastKnownFileType = sourcecode.c.objc; path = welcomeViewController.m; sourceTree = "<group>"; };
		C7E4B2781A384665000699B4 /* EGOCache.h */ = {isa = PBXFileReference; fileEncoding = 4; lastKnownFileType = sourcecode.c.h; path = EGOCache.h; sourceTree = "<group>"; };
		C7E4B2791A384665000699B4 /* EGOCache.m */ = {isa = PBXFileReference; fileEncoding = 4; lastKnownFileType = sourcecode.c.objc; path = EGOCache.m; sourceTree = "<group>"; };
		C7E4B27B1A384665000699B4 /* EGOImageButton.h */ = {isa = PBXFileReference; fileEncoding = 4; lastKnownFileType = sourcecode.c.h; path = EGOImageButton.h; sourceTree = "<group>"; };
		C7E4B27C1A384665000699B4 /* EGOImageButton.m */ = {isa = PBXFileReference; fileEncoding = 4; lastKnownFileType = sourcecode.c.objc; path = EGOImageButton.m; sourceTree = "<group>"; };
		C7E4B27E1A384665000699B4 /* EGOImageLoadConnection.h */ = {isa = PBXFileReference; fileEncoding = 4; lastKnownFileType = sourcecode.c.h; path = EGOImageLoadConnection.h; sourceTree = "<group>"; };
		C7E4B27F1A384665000699B4 /* EGOImageLoadConnection.m */ = {isa = PBXFileReference; fileEncoding = 4; lastKnownFileType = sourcecode.c.objc; path = EGOImageLoadConnection.m; sourceTree = "<group>"; };
		C7E4B2801A384665000699B4 /* EGOImageLoader.h */ = {isa = PBXFileReference; fileEncoding = 4; lastKnownFileType = sourcecode.c.h; path = EGOImageLoader.h; sourceTree = "<group>"; };
		C7E4B2811A384665000699B4 /* EGOImageLoader.m */ = {isa = PBXFileReference; fileEncoding = 4; lastKnownFileType = sourcecode.c.objc; path = EGOImageLoader.m; sourceTree = "<group>"; };
		C7E4B2831A384665000699B4 /* EGOImageView.h */ = {isa = PBXFileReference; fileEncoding = 4; lastKnownFileType = sourcecode.c.h; path = EGOImageView.h; sourceTree = "<group>"; };
		C7E4B2841A384665000699B4 /* EGOImageView.m */ = {isa = PBXFileReference; fileEncoding = 4; lastKnownFileType = sourcecode.c.objc; path = EGOImageView.m; sourceTree = "<group>"; };
		C7E4B28E1A3849DD000699B4 /* NSData+GIF.h */ = {isa = PBXFileReference; fileEncoding = 4; lastKnownFileType = sourcecode.c.h; path = "NSData+GIF.h"; sourceTree = "<group>"; };
		C7E4B28F1A3849DD000699B4 /* NSData+GIF.m */ = {isa = PBXFileReference; fileEncoding = 4; lastKnownFileType = sourcecode.c.objc; path = "NSData+GIF.m"; sourceTree = "<group>"; };
		C7E4B2901A3849DD000699B4 /* SDImageCache.h */ = {isa = PBXFileReference; fileEncoding = 4; lastKnownFileType = sourcecode.c.h; path = SDImageCache.h; sourceTree = "<group>"; };
		C7E4B2911A3849DD000699B4 /* SDImageCache.m */ = {isa = PBXFileReference; fileEncoding = 4; lastKnownFileType = sourcecode.c.objc; path = SDImageCache.m; sourceTree = "<group>"; };
		C7E4B2921A3849DD000699B4 /* SDWebImageCompat.h */ = {isa = PBXFileReference; fileEncoding = 4; lastKnownFileType = sourcecode.c.h; path = SDWebImageCompat.h; sourceTree = "<group>"; };
		C7E4B2931A3849DD000699B4 /* SDWebImageCompat.m */ = {isa = PBXFileReference; fileEncoding = 4; lastKnownFileType = sourcecode.c.objc; path = SDWebImageCompat.m; sourceTree = "<group>"; };
		C7E4B2941A3849DD000699B4 /* SDWebImageDecoder.h */ = {isa = PBXFileReference; fileEncoding = 4; lastKnownFileType = sourcecode.c.h; path = SDWebImageDecoder.h; sourceTree = "<group>"; };
		C7E4B2951A3849DD000699B4 /* SDWebImageDecoder.m */ = {isa = PBXFileReference; fileEncoding = 4; lastKnownFileType = sourcecode.c.objc; path = SDWebImageDecoder.m; sourceTree = "<group>"; };
		C7E4B2961A3849DD000699B4 /* SDWebImageDownloader.h */ = {isa = PBXFileReference; fileEncoding = 4; lastKnownFileType = sourcecode.c.h; path = SDWebImageDownloader.h; sourceTree = "<group>"; };
		C7E4B2971A3849DD000699B4 /* SDWebImageDownloader.m */ = {isa = PBXFileReference; fileEncoding = 4; lastKnownFileType = sourcecode.c.objc; path = SDWebImageDownloader.m; sourceTree = "<group>"; };
		C7E4B2981A3849DD000699B4 /* SDWebImageDownloaderOperation.h */ = {isa = PBXFileReference; fileEncoding = 4; lastKnownFileType = sourcecode.c.h; path = SDWebImageDownloaderOperation.h; sourceTree = "<group>"; };
		C7E4B2991A3849DD000699B4 /* SDWebImageDownloaderOperation.m */ = {isa = PBXFileReference; fileEncoding = 4; lastKnownFileType = sourcecode.c.objc; path = SDWebImageDownloaderOperation.m; sourceTree = "<group>"; };
		C7E4B29A1A3849DD000699B4 /* SDWebImageManager.h */ = {isa = PBXFileReference; fileEncoding = 4; lastKnownFileType = sourcecode.c.h; path = SDWebImageManager.h; sourceTree = "<group>"; };
		C7E4B29B1A3849DD000699B4 /* SDWebImageManager.m */ = {isa = PBXFileReference; fileEncoding = 4; lastKnownFileType = sourcecode.c.objc; path = SDWebImageManager.m; sourceTree = "<group>"; };
		C7E4B29C1A3849DD000699B4 /* SDWebImageOperation.h */ = {isa = PBXFileReference; fileEncoding = 4; lastKnownFileType = sourcecode.c.h; path = SDWebImageOperation.h; sourceTree = "<group>"; };
		C7E4B29D1A3849DD000699B4 /* SDWebImagePrefetcher.h */ = {isa = PBXFileReference; fileEncoding = 4; lastKnownFileType = sourcecode.c.h; path = SDWebImagePrefetcher.h; sourceTree = "<group>"; };
		C7E4B29E1A3849DD000699B4 /* SDWebImagePrefetcher.m */ = {isa = PBXFileReference; fileEncoding = 4; lastKnownFileType = sourcecode.c.objc; path = SDWebImagePrefetcher.m; sourceTree = "<group>"; };
		C7E4B29F1A3849DD000699B4 /* UIButton+WebCache.h */ = {isa = PBXFileReference; fileEncoding = 4; lastKnownFileType = sourcecode.c.h; path = "UIButton+WebCache.h"; sourceTree = "<group>"; };
		C7E4B2A01A3849DD000699B4 /* UIButton+WebCache.m */ = {isa = PBXFileReference; fileEncoding = 4; lastKnownFileType = sourcecode.c.objc; path = "UIButton+WebCache.m"; sourceTree = "<group>"; };
		C7E4B2A11A3849DD000699B4 /* UIImage+GIF.h */ = {isa = PBXFileReference; fileEncoding = 4; lastKnownFileType = sourcecode.c.h; path = "UIImage+GIF.h"; sourceTree = "<group>"; };
		C7E4B2A21A3849DD000699B4 /* UIImage+GIF.m */ = {isa = PBXFileReference; fileEncoding = 4; lastKnownFileType = sourcecode.c.objc; path = "UIImage+GIF.m"; sourceTree = "<group>"; };
		C7E4B2A31A3849DD000699B4 /* UIImage+MultiFormat.h */ = {isa = PBXFileReference; fileEncoding = 4; lastKnownFileType = sourcecode.c.h; path = "UIImage+MultiFormat.h"; sourceTree = "<group>"; };
		C7E4B2A41A3849DD000699B4 /* UIImage+MultiFormat.m */ = {isa = PBXFileReference; fileEncoding = 4; lastKnownFileType = sourcecode.c.objc; path = "UIImage+MultiFormat.m"; sourceTree = "<group>"; };
		C7E4B2A51A3849DD000699B4 /* UIImageView+WebCache.h */ = {isa = PBXFileReference; fileEncoding = 4; lastKnownFileType = sourcecode.c.h; path = "UIImageView+WebCache.h"; sourceTree = "<group>"; };
		C7E4B2A61A3849DD000699B4 /* UIImageView+WebCache.m */ = {isa = PBXFileReference; fileEncoding = 4; lastKnownFileType = sourcecode.c.objc; path = "UIImageView+WebCache.m"; sourceTree = "<group>"; };
		C7E4B2B61A388ED5000699B4 /* menu_1.png */ = {isa = PBXFileReference; lastKnownFileType = image.png; path = menu_1.png; sourceTree = "<group>"; };
		C7E4B2B71A388ED5000699B4 /* menu_2.png */ = {isa = PBXFileReference; lastKnownFileType = image.png; path = menu_2.png; sourceTree = "<group>"; };
		C7E4B2B81A388ED5000699B4 /* menu_3.png */ = {isa = PBXFileReference; lastKnownFileType = image.png; path = menu_3.png; sourceTree = "<group>"; };
		C7E4B2B91A388ED5000699B4 /* menu_4.png */ = {isa = PBXFileReference; lastKnownFileType = image.png; path = menu_4.png; sourceTree = "<group>"; };
		C7E4B2BA1A388ED5000699B4 /* menu_5.png */ = {isa = PBXFileReference; lastKnownFileType = image.png; path = menu_5.png; sourceTree = "<group>"; };
		C7E4B2BB1A388ED5000699B4 /* menu_6.png */ = {isa = PBXFileReference; lastKnownFileType = image.png; path = menu_6.png; sourceTree = "<group>"; };
		C7E4B2BC1A388ED5000699B4 /* menu_7.png */ = {isa = PBXFileReference; lastKnownFileType = image.png; path = menu_7.png; sourceTree = "<group>"; };
		C7EAEF051A5ECA2800BB9E13 /* bg_023@2x.png */ = {isa = PBXFileReference; lastKnownFileType = image.png; path = "bg_023@2x.png"; sourceTree = "<group>"; };
		C7EAEF061A5ECA2800BB9E13 /* btn_020.disable@2x.png */ = {isa = PBXFileReference; lastKnownFileType = image.png; path = "btn_020.disable@2x.png"; sourceTree = "<group>"; };
		C7EAEF071A5ECA2800BB9E13 /* btn_020.press@2x.png */ = {isa = PBXFileReference; lastKnownFileType = image.png; path = "btn_020.press@2x.png"; sourceTree = "<group>"; };
		C7EAEF081A5ECA2800BB9E13 /* btn_020@2x.png */ = {isa = PBXFileReference; lastKnownFileType = image.png; path = "btn_020@2x.png"; sourceTree = "<group>"; };
		C7EAEF091A5ECA2800BB9E13 /* btn_021.disable@2x.png */ = {isa = PBXFileReference; lastKnownFileType = image.png; path = "btn_021.disable@2x.png"; sourceTree = "<group>"; };
		C7EAEF0A1A5ECA2800BB9E13 /* btn_021.press@2x.png */ = {isa = PBXFileReference; lastKnownFileType = image.png; path = "btn_021.press@2x.png"; sourceTree = "<group>"; };
		C7EAEF0B1A5ECA2800BB9E13 /* btn_021@2x.png */ = {isa = PBXFileReference; lastKnownFileType = image.png; path = "btn_021@2x.png"; sourceTree = "<group>"; };
		C7EAEF0C1A5ECA2800BB9E13 /* ProvincesAndCities.plist */ = {isa = PBXFileReference; fileEncoding = 4; lastKnownFileType = text.plist.xml; path = ProvincesAndCities.plist; sourceTree = "<group>"; };
		C7EAEF0D1A5ECA2800BB9E13 /* TSLocateView.h */ = {isa = PBXFileReference; fileEncoding = 4; lastKnownFileType = sourcecode.c.h; path = TSLocateView.h; sourceTree = "<group>"; };
		C7EAEF0E1A5ECA2800BB9E13 /* TSLocateView.m */ = {isa = PBXFileReference; fileEncoding = 4; lastKnownFileType = sourcecode.c.objc; path = TSLocateView.m; sourceTree = "<group>"; };
		C7EAEF0F1A5ECA2800BB9E13 /* TSLocateView.xib */ = {isa = PBXFileReference; fileEncoding = 4; lastKnownFileType = file.xib; path = TSLocateView.xib; sourceTree = "<group>"; };
		C7EAEF101A5ECA2800BB9E13 /* TSLocation.h */ = {isa = PBXFileReference; fileEncoding = 4; lastKnownFileType = sourcecode.c.h; path = TSLocation.h; sourceTree = "<group>"; };
		C7EAEF111A5ECA2800BB9E13 /* TSLocation.m */ = {isa = PBXFileReference; fileEncoding = 4; lastKnownFileType = sourcecode.c.objc; path = TSLocation.m; sourceTree = "<group>"; };
		C7EAEF1D1A5ECB6600BB9E13 /* TFcityViewController.h */ = {isa = PBXFileReference; fileEncoding = 4; lastKnownFileType = sourcecode.c.h; path = TFcityViewController.h; sourceTree = "<group>"; };
		C7EAEF1E1A5ECB6600BB9E13 /* TFcityViewController.m */ = {isa = PBXFileReference; fileEncoding = 4; lastKnownFileType = sourcecode.c.objc; path = TFcityViewController.m; sourceTree = "<group>"; };
		D7C04C2A580B83DDA5C2D5DC /* libPods.a */ = {isa = PBXFileReference; explicitFileType = archive.ar; includeInIndex = 0; path = libPods.a; sourceTree = BUILT_PRODUCTS_DIR; };
		F4E731F1645B1D8790DB04C6 /* Pods.release.xcconfig */ = {isa = PBXFileReference; includeInIndex = 1; lastKnownFileType = text.xcconfig; name = Pods.release.xcconfig; path = "Pods/Target Support Files/Pods/Pods.release.xcconfig"; sourceTree = "<group>"; };
/* End PBXFileReference section */

/* Begin PBXFrameworksBuildPhase section */
		C788D5B51A36C76F009BA362 /* Frameworks */ = {
			isa = PBXFrameworksBuildPhase;
			buildActionMask = 2147483647;
			files = (
				C715EA2D1A5D8C19008294D1 /* libsqlite3.dylib in Frameworks */,
				C715EA2B1A5D8BE4008294D1 /* SystemConfiguration.framework in Frameworks */,
				C788D5E91A36CB41009BA362 /* Foundation.framework in Frameworks */,
				2E229CA64B0712A273852752 /* libPods.a in Frameworks */,
			);
			runOnlyForDeploymentPostprocessing = 0;
		};
		C788D5D11A36C770009BA362 /* Frameworks */ = {
			isa = PBXFrameworksBuildPhase;
			buildActionMask = 2147483647;
			files = (
			);
			runOnlyForDeploymentPostprocessing = 0;
		};
/* End PBXFrameworksBuildPhase section */

/* Begin PBXGroup section */
		0DB413E5CF540EEC832E6974 /* Frameworks */ = {
			isa = PBXGroup;
			children = (
				C715EA2C1A5D8C19008294D1 /* libsqlite3.dylib */,
				C715EA2A1A5D8BE4008294D1 /* SystemConfiguration.framework */,
				D7C04C2A580B83DDA5C2D5DC /* libPods.a */,
			);
			name = Frameworks;
			sourceTree = "<group>";
		};
		6802E291DC0F378648913F45 /* Pods */ = {
			isa = PBXGroup;
			children = (
				685964FEB75CF3C63505A171 /* Pods.debug.xcconfig */,
				F4E731F1645B1D8790DB04C6 /* Pods.release.xcconfig */,
			);
			name = Pods;
			sourceTree = "<group>";
		};
		C757CC1B1A5AE8D40096689F /* product2 */ = {
			isa = PBXGroup;
			children = (
				C757CC1C1A5AE8D40096689F /* index_drink.png */,
				C757CC1D1A5AE8D40096689F /* index_fruits.png */,
				C757CC1E1A5AE8D40096689F /* index_import.png */,
				C757CC1F1A5AE8D40096689F /* index_Organic.png */,
				C757CC201A5AE8D40096689F /* index_seafood.png */,
			);
			path = product2;
			sourceTree = "<group>";
		};
		C757CC261A5AEB2A0096689F /* product1 */ = {
			isa = PBXGroup;
			children = (
				C757CC271A5AEB2A0096689F /* index_cooked.png */,
				C757CC281A5AEB2A0096689F /* index_egg.png */,
				C757CC291A5AEB2A0096689F /* index_meat.png */,
				C757CC2A1A5AEB2A0096689F /* index_more.png */,
				C757CC2B1A5AEB2A0096689F /* index_rice.png */,
				C757CC2C1A5AEB2A0096689F /* index_shrimp.png */,
				C757CC2D1A5AEB2A0096689F /* index_veg.png */,
			);
			path = product1;
			sourceTree = "<group>";
		};
		C760C1FC1A3B59BE00040DF2 /* TFmodleAndView */ = {
			isa = PBXGroup;
			children = (
				C7DBA16D1A3D84A10087596E /* TboxKit.h */,
				C7DBA16E1A3D84A10087596E /* TboxKit.m */,
				C760C1FD1A3B59E000040DF2 /* CellViews.h */,
				C760C1FE1A3B59E000040DF2 /* CellViews.m */,
				C7816DEF1A42D6060019AD7F /* ChartSelectbuttonView.h */,
				C7816DF01A42D6060019AD7F /* ChartSelectbuttonView.m */,
				C7324DAC1A46F19800C9EB75 /* DatePickerView.h */,
				C7324DAD1A46F19800C9EB75 /* DatePickerView.m */,
				C757CC181A5ACED80096689F /* ShopImage.h */,
				C757CC191A5ACED80096689F /* ShopImage.m */,
				C715EA241A5D7924008294D1 /* superMenu.h */,
				C715EA251A5D7924008294D1 /* superMenu.m */,
			);
			path = TFmodleAndView;
			sourceTree = "<group>";
		};
		C76CBBDE1A43146D00B57BBC /* WWSideslipViewControllerClass */ = {
			isa = PBXGroup;
			children = (
				C76CBBDF1A43146D00B57BBC /* WWSideslipViewController.h */,
				C76CBBE01A43146D00B57BBC /* WWSideslipViewController.m */,
			);
			path = WWSideslipViewControllerClass;
			sourceTree = "<group>";
		};
		C76CBBE21A43172600B57BBC /* MSSlidingPanelController */ = {
			isa = PBXGroup;
			children = (
				C76CBBE31A43172600B57BBC /* MSSlidingPanelController.h */,
				C76CBBE41A43172600B57BBC /* MSSlidingPanelController.m */,
				C76CBBE51A43172600B57BBC /* MSViewControllerSlidingPanel.h */,
				C76CBBE61A43172600B57BBC /* MSViewControllerSlidingPanel.m */,
			);
			path = MSSlidingPanelController;
			sourceTree = "<group>";
		};
		C76FE4501A38007900C973BF /* TFtabbarController */ = {
			isa = PBXGroup;
			children = (
				C7764FF91A419A0800B5AFA9 /* MenuTabbarView.h */,
				C7764FFA1A419A0800B5AFA9 /* MenuTabbarView.m */,
				C7324DA91A46E65D00C9EB75 /* CustomtabbarController.h */,
				C7324DAA1A46E65D00C9EB75 /* CustomtabbarController.m */,
				C76FE4601A3803A000C973BF /* TFMainTabbarController.h */,
				C76FE4611A3803A000C973BF /* TFMainTabbarController.m */,
			);
			path = TFtabbarController;
			sourceTree = "<group>";
		};
		C76FE4541A3801C500C973BF /* TFshoppingcart */ = {
			isa = PBXGroup;
			children = (
				C76FE45A1A38020A00C973BF /* TFshoppingcartViewController.h */,
				C76FE45B1A38020A00C973BF /* TFshoppingcartViewController.m */,
			);
			path = TFshoppingcart;
			sourceTree = "<group>";
		};
		C76FE4551A3801CC00C973BF /* TFfoodController */ = {
			isa = PBXGroup;
			children = (
				C76FE45D1A38023C00C973BF /* TFfoodMarketViewController.h */,
				C76FE45E1A38023C00C973BF /* TFfoodMarketViewController.m */,
				C7A4A2411A4B04F500DC8FF1 /* TFsingleCategoryViewController.h */,
				C7A4A2421A4B04F500DC8FF1 /* TFsingleCategoryViewController.m */,
			);
			path = TFfoodController;
			sourceTree = "<group>";
		};
		C76FE4561A3801D100C973BF /* TFhomeController */ = {
			isa = PBXGroup;
			children = (
				C76FE4571A3801F600C973BF /* TFhomeViewController.h */,
				C76FE4581A3801F600C973BF /* TFhomeViewController.m */,
			);
			path = TFhomeController;
			sourceTree = "<group>";
		};
		C76FE4661A38092700C973BF /* LaunchImage */ = {
			isa = PBXGroup;
			children = (
				C715EA221A5D7851008294D1 /* superbackground.png */,
				C776501A1A41E22A00B5AFA9 /* delete.png */,
				C76FE4671A38092700C973BF /* Contents.json */,
				C76FE4681A38092700C973BF /* Default-568h@2x.png */,
				C76FE4691A38092700C973BF /* Default-Landscape@2x~ipad.png */,
				C76FE46A1A38092700C973BF /* Default-Landscape~ipad.png */,
				C76FE46B1A38092700C973BF /* Default-Portrait@2x~ipad.png */,
				C76FE46C1A38092700C973BF /* Default-Portrait~ipad.png */,
				C76FE46D1A38092700C973BF /* Default.png */,
				C76FE46E1A38092700C973BF /* Default@2x.png */,
				C76FE46F1A38092700C973BF /* LaunchImage-700-568h@2x.png */,
				C76FE4701A38092700C973BF /* LaunchImage-800-667h@2x.png */,
				C76FE4711A38092700C973BF /* LaunchImage-800-Landscape-736h@3x.png */,
				C76FE4721A38092700C973BF /* LaunchImage-800-Portrait-736h@3x.png */,
			);
			path = LaunchImage;
			sourceTree = "<group>";
		};
		C77382E51A38325800ABDA7D /* tabbaricons */ = {
			isa = PBXGroup;
			children = (
				C77650021A41D5DE00B5AFA9 /* shapchart.png */,
				C77650031A41D5DE00B5AFA9 /* tabbar_01.png */,
				C77650041A41D5DE00B5AFA9 /* tabbar_01@2x.png */,
				C77650051A41D5DE00B5AFA9 /* tabbar_02.png */,
				C77650061A41D5DE00B5AFA9 /* tabbar_02@2x.png */,
				C77650071A41D5DE00B5AFA9 /* tabbar_03.png */,
				C77650081A41D5DE00B5AFA9 /* tabbar_03@2x.png */,
				C77650091A41D5DE00B5AFA9 /* tabbarchart.png */,
				C776500A1A41D5DE00B5AFA9 /* tabbarchart@2x.png */,
				C776500B1A41D5DE00B5AFA9 /* Toolbarback.png */,
			);
			path = tabbaricons;
			sourceTree = "<group>";
		};
		C77382EF1A3837CA00ABDA7D /* AutoScrollerbannerView */ = {
			isa = PBXGroup;
			children = (
				C77382F01A3837CA00ABDA7D /* ImagePlayerView.h */,
				C77382F11A3837CA00ABDA7D /* ImagePlayerView.m */,
			);
			name = AutoScrollerbannerView;
			path = scrollerImagebannerView;
			sourceTree = "<group>";
		};
		C77650161A41DCCC00B5AFA9 /* JSBadgeView */ = {
			isa = PBXGroup;
			children = (
				C77650171A41DCCC00B5AFA9 /* JSBadgeView.h */,
				C77650181A41DCCC00B5AFA9 /* JSBadgeView.m */,
			);
			path = JSBadgeView;
			sourceTree = "<group>";
		};
		C7798E301A36EA30005EC0D4 /* UIKIT */ = {
			isa = PBXGroup;
			children = (
				C760C2061A3B5BE200040DF2 /* UILabel+BindArgs.h */,
				C760C2071A3B5BE200040DF2 /* UILabel+BindArgs.m */,
				C7798E311A36EA30005EC0D4 /* NSURLRequest+NSURLRequestWithIgnoreSSL.h */,
				C7798E321A36EA30005EC0D4 /* NSURLRequest+NSURLRequestWithIgnoreSSL.m */,
				C7798E331A36EA30005EC0D4 /* UIAlertView+BindArgs.h */,
				C7798E341A36EA30005EC0D4 /* UIAlertView+BindArgs.m */,
				C7798E351A36EA30005EC0D4 /* UIButton+BindArgs.h */,
				C7798E361A36EA30005EC0D4 /* UIButton+BindArgs.m */,
				C7798E371A36EA30005EC0D4 /* UIImageView+WebCache.h */,
				C7798E381A36EA30005EC0D4 /* UIImageView+WebCache.m */,
				C7798E391A36EA30005EC0D4 /* UIView+BindArgs.h */,
				C7798E3A1A36EA30005EC0D4 /* UIView+BindArgs.m */,
				C760C1CC1A3B327300040DF2 /* UIScrollView+BindArgs.h */,
				C760C1CD1A3B327300040DF2 /* UIScrollView+BindArgs.m */,
				C760C1DC1A3B408200040DF2 /* UIImageView+BindArgs.h */,
				C760C1DD1A3B408200040DF2 /* UIImageView+BindArgs.m */,
				C760C1DF1A3B45AC00040DF2 /* UITableView+BindArgs.h */,
				C760C1E01A3B45AC00040DF2 /* UITableView+BindArgs.m */,
				C7DBA1731A3D8DFD0087596E /* UITextView+BindArgs.h */,
				C7DBA1741A3D8DFD0087596E /* UITextView+BindArgs.m */,
				C7DBA1761A3D92570087596E /* UITextField+BindArgs.h */,
				C7DBA1771A3D92570087596E /* UITextField+BindArgs.m */,
			);
			path = UIKIT;
			sourceTree = "<group>";
		};
		C788D5AF1A36C76F009BA362 = {
			isa = PBXGroup;
			children = (
				C788D5BA1A36C76F009BA362 /* TastyFood */,
				C788D5D71A36C770009BA362 /* TastyFoodTests */,
				C788D5B91A36C76F009BA362 /* Products */,
				6802E291DC0F378648913F45 /* Pods */,
				0DB413E5CF540EEC832E6974 /* Frameworks */,
			);
			sourceTree = "<group>";
		};
		C788D5B91A36C76F009BA362 /* Products */ = {
			isa = PBXGroup;
			children = (
				C788D5B81A36C76F009BA362 /* TastyFood.app */,
				C788D5D41A36C770009BA362 /* TastyFoodTests.xctest */,
			);
			name = Products;
			sourceTree = "<group>";
		};
		C788D5BA1A36C76F009BA362 /* TastyFood */ = {
			isa = PBXGroup;
			children = (
				C788D5BF1A36C76F009BA362 /* AppDelegate.h */,
				C788D5C01A36C76F009BA362 /* AppDelegate.m */,
				C7DBA1A21A3DE6470087596E /* welcomeViewController.h */,
				C7DBA1A31A3DE6470087596E /* welcomeViewController.m */,
				C760C1FC1A3B59BE00040DF2 /* TFmodleAndView */,
				C788D5EC1A36CB8C009BA362 /* TFviewControllers */,
				C788D5EB1A36CB87009BA362 /* TFcustomTools */,
				C788D5EA1A36CB62009BA362 /* TFresource */,
				C788D5E71A36CB25009BA362 /* TFFrameworksAndLibs */,
				C788D5CB1A36C76F009BA362 /* Images.xcassets */,
				C788D5CD1A36C76F009BA362 /* LaunchScreen.xib */,
				C788D5C21A36C76F009BA362 /* TastyFood.xcdatamodeld */,
				C788D5BB1A36C76F009BA362 /* Supporting Files */,
			);
			path = TastyFood;
			sourceTree = "<group>";
		};
		C788D5BB1A36C76F009BA362 /* Supporting Files */ = {
			isa = PBXGroup;
			children = (
				C788D5BC1A36C76F009BA362 /* Info.plist */,
				C788D5BD1A36C76F009BA362 /* main.m */,
				C7798E411A36EF17005EC0D4 /* PrefixHeader.pch */,
			);
			name = "Supporting Files";
			sourceTree = "<group>";
		};
		C788D5D71A36C770009BA362 /* TastyFoodTests */ = {
			isa = PBXGroup;
			children = (
				C788D5DA1A36C770009BA362 /* TastyFoodTests.m */,
				C788D5D81A36C770009BA362 /* Supporting Files */,
			);
			path = TastyFoodTests;
			sourceTree = "<group>";
		};
		C788D5D81A36C770009BA362 /* Supporting Files */ = {
			isa = PBXGroup;
			children = (
				C788D5D91A36C770009BA362 /* Info.plist */,
			);
			name = "Supporting Files";
			sourceTree = "<group>";
		};
		C788D5E71A36CB25009BA362 /* TFFrameworksAndLibs */ = {
			isa = PBXGroup;
			children = (
				C788D5E81A36CB41009BA362 /* Foundation.framework */,
			);
			path = TFFrameworksAndLibs;
			sourceTree = "<group>";
		};
		C788D5EA1A36CB62009BA362 /* TFresource */ = {
			isa = PBXGroup;
			children = (
				C757CC261A5AEB2A0096689F /* product1 */,
				C757CC1B1A5AE8D40096689F /* product2 */,
				C7E4B2B51A388ED5000699B4 /* homemenu_icons */,
				C77382E51A38325800ABDA7D /* tabbaricons */,
				C76FE4661A38092700C973BF /* LaunchImage */,
				C7798E421A36F709005EC0D4 /* password@2x.png */,
				C7C2D11E1A447D5F00A493DB /* header.png */,
				C7A4A23F1A4AD7F700DC8FF1 /* location.png */,
				C7C2D1201A447FCB00A493DB /* Pathbackimage.png */,
				C7798E441A36F7D6005EC0D4 /* username@2x.png */,
				C7798E461A36F8D0005EC0D4 /* icnbox_no.png */,
				C7798E471A36F8D0005EC0D4 /* icnbox_ok.png */,
				C78386C41A4BBE9C00C5731E /* ordersuccess.png */,
			);
			path = TFresource;
			sourceTree = "<group>";
		};
		C788D5EB1A36CB87009BA362 /* TFcustomTools */ = {
			isa = PBXGroup;
			children = (
				C715EA271A5D85F9008294D1 /* ASIHttpMangment.h */,
				C715EA281A5D85F9008294D1 /* ASIHttpMangment.m */,
				C7EAEF031A5ECA2800BB9E13 /* TFCityPickerview */,
				C76CBBE21A43172600B57BBC /* MSSlidingPanelController */,
				C77650161A41DCCC00B5AFA9 /* JSBadgeView */,
				C76CBBDE1A43146D00B57BBC /* WWSideslipViewControllerClass */,
				C7E4B28A1A3849DD000699B4 /* SDWebImage */,
				C7E4B2761A384665000699B4 /* EGOImagesdk */,
				C77382EF1A3837CA00ABDA7D /* AutoScrollerbannerView */,
				C7798E301A36EA30005EC0D4 /* UIKIT */,
			);
			path = TFcustomTools;
			sourceTree = "<group>";
		};
		C788D5EC1A36CB8C009BA362 /* TFviewControllers */ = {
			isa = PBXGroup;
			children = (
				C79E1D0A1A4BF79200DDE339 /* TFsuperfoodController */,
				C76FE4551A3801CC00C973BF /* TFfoodController */,
				C76FE4541A3801C500C973BF /* TFshoppingcart */,
				C76FE4561A3801D100C973BF /* TFhomeController */,
				C76FE4501A38007900C973BF /* TFtabbarController */,
				C788D5ED1A36CB8C009BA362 /* TFpersonCenter */,
				C79EB88A1A40682F000F6120 /* TFotherController */,
			);
			path = TFviewControllers;
			sourceTree = "<group>";
		};
		C788D5ED1A36CB8C009BA362 /* TFpersonCenter */ = {
			isa = PBXGroup;
			children = (
				C788D5EE1A36CB8C009BA362 /* TFloginViewController.h */,
				C788D5EF1A36CB8C009BA362 /* TFloginViewController.m */,
				C7798E4A1A36FEC6005EC0D4 /* TFregistViewController.h */,
				C7798E4B1A36FEC6005EC0D4 /* TFregistViewController.m */,
				C76FE4631A38046D00C973BF /* TFpersonViewController.h */,
				C76FE4641A38046D00C973BF /* TFpersonViewController.m */,
				C7DBA17F1A3DAA6C0087596E /* TFeditPswViewController.h */,
				C7DBA1801A3DAA6C0087596E /* TFeditPswViewController.m */,
				C7DBA1821A3DAF320087596E /* TFeditAddressViewController.h */,
				C7DBA1831A3DAF320087596E /* TFeditAddressViewController.m */,
				C7DBA1851A3DB13D0087596E /* TFmyOrderViewController.h */,
				C7DBA1861A3DB13D0087596E /* TFmyOrderViewController.m */,
				C76CBBE91A431E3500B57BBC /* TFmyPathViewController.h */,
				C76CBBEA1A431E3500B57BBC /* TFmyPathViewController.m */,
				C7EAEF1D1A5ECB6600BB9E13 /* TFcityViewController.h */,
				C7EAEF1E1A5ECB6600BB9E13 /* TFcityViewController.m */,
				C7324DA61A46E23800C9EB75 /* TFregionViewController.h */,
				C7324DA71A46E23800C9EB75 /* TFregionViewController.m */,
			);
			path = TFpersonCenter;
			sourceTree = "<group>";
		};
		C79E1D0A1A4BF79200DDE339 /* TFsuperfoodController */ = {
			isa = PBXGroup;
			children = (
				C79E1D0B1A4BF7C300DDE339 /* TFsuperfoodViewController.h */,
				C79E1D0C1A4BF7C300DDE339 /* TFsuperfoodViewController.m */,
			);
			path = TFsuperfoodController;
			sourceTree = "<group>";
		};
		C79EB88A1A40682F000F6120 /* TFotherController */ = {
			isa = PBXGroup;
			children = (
				C79EB88B1A406855000F6120 /* TFhtmlViewController.h */,
				C79EB88C1A406855000F6120 /* TFhtmlViewController.m */,
			);
			path = TFotherController;
			sourceTree = "<group>";
		};
		C7E4B2761A384665000699B4 /* EGOImagesdk */ = {
			isa = PBXGroup;
			children = (
				C7E4B2771A384665000699B4 /* EGOCache */,
				C7E4B27A1A384665000699B4 /* EGOImageButton */,
				C7E4B27D1A384665000699B4 /* EGOImageLoader */,
				C7E4B2821A384665000699B4 /* EGOImageView */,
			);
			path = EGOImagesdk;
			sourceTree = "<group>";
		};
		C7E4B2771A384665000699B4 /* EGOCache */ = {
			isa = PBXGroup;
			children = (
				C7E4B2781A384665000699B4 /* EGOCache.h */,
				C7E4B2791A384665000699B4 /* EGOCache.m */,
			);
			path = EGOCache;
			sourceTree = "<group>";
		};
		C7E4B27A1A384665000699B4 /* EGOImageButton */ = {
			isa = PBXGroup;
			children = (
				C7E4B27B1A384665000699B4 /* EGOImageButton.h */,
				C7E4B27C1A384665000699B4 /* EGOImageButton.m */,
			);
			path = EGOImageButton;
			sourceTree = "<group>";
		};
		C7E4B27D1A384665000699B4 /* EGOImageLoader */ = {
			isa = PBXGroup;
			children = (
				C7E4B27E1A384665000699B4 /* EGOImageLoadConnection.h */,
				C7E4B27F1A384665000699B4 /* EGOImageLoadConnection.m */,
				C7E4B2801A384665000699B4 /* EGOImageLoader.h */,
				C7E4B2811A384665000699B4 /* EGOImageLoader.m */,
			);
			path = EGOImageLoader;
			sourceTree = "<group>";
		};
		C7E4B2821A384665000699B4 /* EGOImageView */ = {
			isa = PBXGroup;
			children = (
				C7E4B2831A384665000699B4 /* EGOImageView.h */,
				C7E4B2841A384665000699B4 /* EGOImageView.m */,
			);
			path = EGOImageView;
			sourceTree = "<group>";
		};
		C7E4B28A1A3849DD000699B4 /* SDWebImage */ = {
			isa = PBXGroup;
			children = (
				C7E4B28D1A3849DD000699B4 /* SDWebImage */,
			);
			path = SDWebImage;
			sourceTree = "<group>";
		};
		C7E4B28D1A3849DD000699B4 /* SDWebImage */ = {
			isa = PBXGroup;
			children = (
				C7E4B28E1A3849DD000699B4 /* NSData+GIF.h */,
				C7E4B28F1A3849DD000699B4 /* NSData+GIF.m */,
				C7E4B2901A3849DD000699B4 /* SDImageCache.h */,
				C7E4B2911A3849DD000699B4 /* SDImageCache.m */,
				C7E4B2921A3849DD000699B4 /* SDWebImageCompat.h */,
				C7E4B2931A3849DD000699B4 /* SDWebImageCompat.m */,
				C7E4B2941A3849DD000699B4 /* SDWebImageDecoder.h */,
				C7E4B2951A3849DD000699B4 /* SDWebImageDecoder.m */,
				C7E4B2961A3849DD000699B4 /* SDWebImageDownloader.h */,
				C7E4B2971A3849DD000699B4 /* SDWebImageDownloader.m */,
				C7E4B2981A3849DD000699B4 /* SDWebImageDownloaderOperation.h */,
				C7E4B2991A3849DD000699B4 /* SDWebImageDownloaderOperation.m */,
				C7E4B29A1A3849DD000699B4 /* SDWebImageManager.h */,
				C7E4B29B1A3849DD000699B4 /* SDWebImageManager.m */,
				C7E4B29C1A3849DD000699B4 /* SDWebImageOperation.h */,
				C7E4B29D1A3849DD000699B4 /* SDWebImagePrefetcher.h */,
				C7E4B29E1A3849DD000699B4 /* SDWebImagePrefetcher.m */,
				C7E4B29F1A3849DD000699B4 /* UIButton+WebCache.h */,
				C7E4B2A01A3849DD000699B4 /* UIButton+WebCache.m */,
				C7E4B2A11A3849DD000699B4 /* UIImage+GIF.h */,
				C7E4B2A21A3849DD000699B4 /* UIImage+GIF.m */,
				C7E4B2A31A3849DD000699B4 /* UIImage+MultiFormat.h */,
				C7E4B2A41A3849DD000699B4 /* UIImage+MultiFormat.m */,
				C7E4B2A51A3849DD000699B4 /* UIImageView+WebCache.h */,
				C7E4B2A61A3849DD000699B4 /* UIImageView+WebCache.m */,
			);
			path = SDWebImage;
			sourceTree = "<group>";
		};
		C7E4B2B51A388ED5000699B4 /* homemenu_icons */ = {
			isa = PBXGroup;
			children = (
				C76CBBD01A42FC1200B57BBC /* hometitle_image.png */,
				C7E4B2B61A388ED5000699B4 /* menu_1.png */,
				C7E4B2B71A388ED5000699B4 /* menu_2.png */,
				C7E4B2B81A388ED5000699B4 /* menu_3.png */,
				C7E4B2B91A388ED5000699B4 /* menu_4.png */,
				C7E4B2BA1A388ED5000699B4 /* menu_5.png */,
				C7E4B2BB1A388ED5000699B4 /* menu_6.png */,
				C7E4B2BC1A388ED5000699B4 /* menu_7.png */,
			);
			path = homemenu_icons;
			sourceTree = "<group>";
		};
		C7EAEF031A5ECA2800BB9E13 /* TFCityPickerview */ = {
			isa = PBXGroup;
			children = (
				C7EAEF041A5ECA2800BB9E13 /* img */,
				C7EAEF0C1A5ECA2800BB9E13 /* ProvincesAndCities.plist */,
				C7EAEF0D1A5ECA2800BB9E13 /* TSLocateView.h */,
				C7EAEF0E1A5ECA2800BB9E13 /* TSLocateView.m */,
				C7EAEF0F1A5ECA2800BB9E13 /* TSLocateView.xib */,
				C7EAEF101A5ECA2800BB9E13 /* TSLocation.h */,
				C7EAEF111A5ECA2800BB9E13 /* TSLocation.m */,
			);
			path = TFCityPickerview;
			sourceTree = "<group>";
		};
		C7EAEF041A5ECA2800BB9E13 /* img */ = {
			isa = PBXGroup;
			children = (
				C7EAEF051A5ECA2800BB9E13 /* bg_023@2x.png */,
				C7EAEF061A5ECA2800BB9E13 /* btn_020.disable@2x.png */,
				C7EAEF071A5ECA2800BB9E13 /* btn_020.press@2x.png */,
				C7EAEF081A5ECA2800BB9E13 /* btn_020@2x.png */,
				C7EAEF091A5ECA2800BB9E13 /* btn_021.disable@2x.png */,
				C7EAEF0A1A5ECA2800BB9E13 /* btn_021.press@2x.png */,
				C7EAEF0B1A5ECA2800BB9E13 /* btn_021@2x.png */,
			);
			path = img;
			sourceTree = "<group>";
		};
/* End PBXGroup section */

/* Begin PBXNativeTarget section */
		C788D5B71A36C76F009BA362 /* TastyFood */ = {
			isa = PBXNativeTarget;
			buildConfigurationList = C788D5DE1A36C770009BA362 /* Build configuration list for PBXNativeTarget "TastyFood" */;
			buildPhases = (
				505DE35405F2C0930AF1279A /* Check Pods Manifest.lock */,
				C788D5B41A36C76F009BA362 /* Sources */,
				C788D5B51A36C76F009BA362 /* Frameworks */,
				C788D5B61A36C76F009BA362 /* Resources */,
				288BB58D6217E3ECA697D05F /* Copy Pods Resources */,
			);
			buildRules = (
			);
			dependencies = (
			);
			name = TastyFood;
			productName = TastyFood;
			productReference = C788D5B81A36C76F009BA362 /* TastyFood.app */;
			productType = "com.apple.product-type.application";
		};
		C788D5D31A36C770009BA362 /* TastyFoodTests */ = {
			isa = PBXNativeTarget;
			buildConfigurationList = C788D5E11A36C770009BA362 /* Build configuration list for PBXNativeTarget "TastyFoodTests" */;
			buildPhases = (
				C788D5D01A36C770009BA362 /* Sources */,
				C788D5D11A36C770009BA362 /* Frameworks */,
				C788D5D21A36C770009BA362 /* Resources */,
			);
			buildRules = (
			);
			dependencies = (
				C788D5D61A36C770009BA362 /* PBXTargetDependency */,
			);
			name = TastyFoodTests;
			productName = TastyFoodTests;
			productReference = C788D5D41A36C770009BA362 /* TastyFoodTests.xctest */;
			productType = "com.apple.product-type.bundle.unit-test";
		};
/* End PBXNativeTarget section */

/* Begin PBXProject section */
		C788D5B01A36C76F009BA362 /* Project object */ = {
			isa = PBXProject;
			attributes = {
				LastUpgradeCheck = 0600;
				ORGANIZATIONNAME = love_ping891122;
				TargetAttributes = {
					C788D5B71A36C76F009BA362 = {
						CreatedOnToolsVersion = 6.0.1;
					};
					C788D5D31A36C770009BA362 = {
						CreatedOnToolsVersion = 6.0.1;
						TestTargetID = C788D5B71A36C76F009BA362;
					};
				};
			};
			buildConfigurationList = C788D5B31A36C76F009BA362 /* Build configuration list for PBXProject "TastyFood" */;
			compatibilityVersion = "Xcode 3.2";
			developmentRegion = English;
			hasScannedForEncodings = 0;
			knownRegions = (
				en,
				Base,
			);
			mainGroup = C788D5AF1A36C76F009BA362;
			productRefGroup = C788D5B91A36C76F009BA362 /* Products */;
			projectDirPath = "";
			projectRoot = "";
			targets = (
				C788D5B71A36C76F009BA362 /* TastyFood */,
				C788D5D31A36C770009BA362 /* TastyFoodTests */,
			);
		};
/* End PBXProject section */

/* Begin PBXResourcesBuildPhase section */
		C788D5B61A36C76F009BA362 /* Resources */ = {
			isa = PBXResourcesBuildPhase;
			buildActionMask = 2147483647;
			files = (
				C7EAEF151A5ECA2800BB9E13 /* btn_020@2x.png in Resources */,
				C76FE47D1A38092700C973BF /* LaunchImage-800-Landscape-736h@3x.png in Resources */,
				C715EA231A5D7851008294D1 /* superbackground.png in Resources */,
				C7E4B2BD1A388ED5000699B4 /* menu_1.png in Resources */,
				C77650101A41D5DE00B5AFA9 /* tabbar_02@2x.png in Resources */,
				C77650111A41D5DE00B5AFA9 /* tabbar_03.png in Resources */,
				C7EAEF121A5ECA2800BB9E13 /* bg_023@2x.png in Resources */,
				C77650121A41D5DE00B5AFA9 /* tabbar_03@2x.png in Resources */,
				C757CC221A5AE8D40096689F /* index_fruits.png in Resources */,
				C7EAEF181A5ECA2800BB9E13 /* btn_021@2x.png in Resources */,
				C77650141A41D5DE00B5AFA9 /* tabbarchart@2x.png in Resources */,
				C757CC231A5AE8D40096689F /* index_import.png in Resources */,
				C7C2D11F1A447D5F00A493DB /* header.png in Resources */,
				C776500C1A41D5DE00B5AFA9 /* shapchart.png in Resources */,
				C7798E481A36F8D0005EC0D4 /* icnbox_no.png in Resources */,
				C77650151A41D5DE00B5AFA9 /* Toolbarback.png in Resources */,
				C7E4B2BE1A388ED5000699B4 /* menu_2.png in Resources */,
				C7EAEF141A5ECA2800BB9E13 /* btn_020.press@2x.png in Resources */,
				C757CC241A5AE8D40096689F /* index_Organic.png in Resources */,
				C76CBBD11A42FC1200B57BBC /* hometitle_image.png in Resources */,
				C788D5CF1A36C76F009BA362 /* LaunchScreen.xib in Resources */,
				C776500D1A41D5DE00B5AFA9 /* tabbar_01.png in Resources */,
				C7798E451A36F7D6005EC0D4 /* username@2x.png in Resources */,
				C757CC211A5AE8D40096689F /* index_drink.png in Resources */,
				C757CC301A5AEB2A0096689F /* index_meat.png in Resources */,
				C7E4B2C31A388ED5000699B4 /* menu_7.png in Resources */,
				C776501B1A41E22A00B5AFA9 /* delete.png in Resources */,
				C757CC321A5AEB2A0096689F /* index_rice.png in Resources */,
				C78386C51A4BBE9C00C5731E /* ordersuccess.png in Resources */,
				C76FE47C1A38092700C973BF /* LaunchImage-800-667h@2x.png in Resources */,
				C7E4B2C11A388ED5000699B4 /* menu_5.png in Resources */,
				C7798E491A36F8D0005EC0D4 /* icnbox_ok.png in Resources */,
				C7C2D1211A447FCB00A493DB /* Pathbackimage.png in Resources */,
				C7A4A2401A4AD7F700DC8FF1 /* location.png in Resources */,
				C7E4B2BF1A388ED5000699B4 /* menu_3.png in Resources */,
				C7EAEF171A5ECA2800BB9E13 /* btn_021.press@2x.png in Resources */,
				C757CC251A5AE8D40096689F /* index_seafood.png in Resources */,
				C7EAEF191A5ECA2800BB9E13 /* ProvincesAndCities.plist in Resources */,
				C76FE4761A38092700C973BF /* Default-Landscape~ipad.png in Resources */,
				C757CC311A5AEB2A0096689F /* index_more.png in Resources */,
				C7EAEF1B1A5ECA2800BB9E13 /* TSLocateView.xib in Resources */,
				C76FE4771A38092700C973BF /* Default-Portrait@2x~ipad.png in Resources */,
				C788D5CC1A36C76F009BA362 /* Images.xcassets in Resources */,
				C77650131A41D5DE00B5AFA9 /* tabbarchart.png in Resources */,
				C76FE4791A38092700C973BF /* Default.png in Resources */,
				C7E4B2C01A388ED5000699B4 /* menu_4.png in Resources */,
				C76FE47E1A38092700C973BF /* LaunchImage-800-Portrait-736h@3x.png in Resources */,
				C76FE4751A38092700C973BF /* Default-Landscape@2x~ipad.png in Resources */,
				C776500E1A41D5DE00B5AFA9 /* tabbar_01@2x.png in Resources */,
				C76FE4741A38092700C973BF /* Default-568h@2x.png in Resources */,
				C7798E431A36F709005EC0D4 /* password@2x.png in Resources */,
				C7EAEF161A5ECA2800BB9E13 /* btn_021.disable@2x.png in Resources */,
				C76FE47B1A38092700C973BF /* LaunchImage-700-568h@2x.png in Resources */,
				C7E4B2C21A388ED5000699B4 /* menu_6.png in Resources */,
				C757CC331A5AEB2A0096689F /* index_shrimp.png in Resources */,
				C757CC2F1A5AEB2A0096689F /* index_egg.png in Resources */,
				C776500F1A41D5DE00B5AFA9 /* tabbar_02.png in Resources */,
				C7EAEF131A5ECA2800BB9E13 /* btn_020.disable@2x.png in Resources */,
				C757CC2E1A5AEB2A0096689F /* index_cooked.png in Resources */,
				C757CC341A5AEB2A0096689F /* index_veg.png in Resources */,
				C76FE4731A38092700C973BF /* Contents.json in Resources */,
				C76FE47A1A38092700C973BF /* Default@2x.png in Resources */,
				C76FE4781A38092700C973BF /* Default-Portrait~ipad.png in Resources */,
			);
			runOnlyForDeploymentPostprocessing = 0;
		};
		C788D5D21A36C770009BA362 /* Resources */ = {
			isa = PBXResourcesBuildPhase;
			buildActionMask = 2147483647;
			files = (
			);
			runOnlyForDeploymentPostprocessing = 0;
		};
/* End PBXResourcesBuildPhase section */

/* Begin PBXShellScriptBuildPhase section */
		288BB58D6217E3ECA697D05F /* Copy Pods Resources */ = {
			isa = PBXShellScriptBuildPhase;
			buildActionMask = 2147483647;
			files = (
			);
			inputPaths = (
			);
			name = "Copy Pods Resources";
			outputPaths = (
			);
			runOnlyForDeploymentPostprocessing = 0;
			shellPath = /bin/sh;
			shellScript = "\"${SRCROOT}/Pods/Target Support Files/Pods/Pods-resources.sh\"\n";
			showEnvVarsInLog = 0;
		};
		505DE35405F2C0930AF1279A /* Check Pods Manifest.lock */ = {
			isa = PBXShellScriptBuildPhase;
			buildActionMask = 2147483647;
			files = (
			);
			inputPaths = (
			);
			name = "Check Pods Manifest.lock";
			outputPaths = (
			);
			runOnlyForDeploymentPostprocessing = 0;
			shellPath = /bin/sh;
			shellScript = "diff \"${PODS_ROOT}/../Podfile.lock\" \"${PODS_ROOT}/Manifest.lock\" > /dev/null\nif [[ $? != 0 ]] ; then\n    cat << EOM\nerror: The sandbox is not in sync with the Podfile.lock. Run 'pod install' or update your CocoaPods installation.\nEOM\n    exit 1\nfi\n";
			showEnvVarsInLog = 0;
		};
/* End PBXShellScriptBuildPhase section */

/* Begin PBXSourcesBuildPhase section */
		C788D5B41A36C76F009BA362 /* Sources */ = {
			isa = PBXSourcesBuildPhase;
			buildActionMask = 2147483647;
			files = (
				C7E4B2AC1A3849DD000699B4 /* SDWebImageDecoder.m in Sources */,
				C7798E3B1A36EA30005EC0D4 /* NSURLRequest+NSURLRequestWithIgnoreSSL.m in Sources */,
				C760C1FF1A3B59E000040DF2 /* CellViews.m in Sources */,
				C7EAEF1F1A5ECB6600BB9E13 /* TFcityViewController.m in Sources */,
				C7798E3D1A36EA30005EC0D4 /* UIButton+BindArgs.m in Sources */,
				C7798E3F1A36EA30005EC0D4 /* UIView+BindArgs.m in Sources */,
				C757CC1A1A5ACED80096689F /* ShopImage.m in Sources */,
				C7E4B2B41A3849DD000699B4 /* UIImageView+WebCache.m in Sources */,
				C77650191A41DCCC00B5AFA9 /* JSBadgeView.m in Sources */,
				C7E4B2891A384665000699B4 /* EGOImageView.m in Sources */,
				C7E4B2A91A3849DD000699B4 /* NSData+GIF.m in Sources */,
				C7DBA1841A3DAF320087596E /* TFeditAddressViewController.m in Sources */,
				C760C1DE1A3B408200040DF2 /* UIImageView+BindArgs.m in Sources */,
				C76CBBE71A43172600B57BBC /* MSSlidingPanelController.m in Sources */,
				C79E1D0D1A4BF7C300DDE339 /* TFsuperfoodViewController.m in Sources */,
				C7E4B2861A384665000699B4 /* EGOImageButton.m in Sources */,
				C7E4B2881A384665000699B4 /* EGOImageLoader.m in Sources */,
				C7E4B2AB1A3849DD000699B4 /* SDWebImageCompat.m in Sources */,
				C7E4B2AA1A3849DD000699B4 /* SDImageCache.m in Sources */,
				C7E4B2B31A3849DD000699B4 /* UIImage+MultiFormat.m in Sources */,
				C76CBBE81A43172600B57BBC /* MSViewControllerSlidingPanel.m in Sources */,
				C7E4B2B21A3849DD000699B4 /* UIImage+GIF.m in Sources */,
				C7A4A2431A4B04F500DC8FF1 /* TFsingleCategoryViewController.m in Sources */,
				C7DBA16F1A3D84A10087596E /* TboxKit.m in Sources */,
				C7E4B2AD1A3849DD000699B4 /* SDWebImageDownloader.m in Sources */,
				C76FE4591A3801F600C973BF /* TFhomeViewController.m in Sources */,
				C7E4B2B11A3849DD000699B4 /* UIButton+WebCache.m in Sources */,
				C7798E3E1A36EA30005EC0D4 /* UIImageView+WebCache.m in Sources */,
				C7EAEF1A1A5ECA2800BB9E13 /* TSLocateView.m in Sources */,
				C76FE45F1A38023C00C973BF /* TFfoodMarketViewController.m in Sources */,
				C7DBA1781A3D92570087596E /* UITextField+BindArgs.m in Sources */,
				C7DBA1751A3D8DFD0087596E /* UITextView+BindArgs.m in Sources */,
				C7798E3C1A36EA30005EC0D4 /* UIAlertView+BindArgs.m in Sources */,
				C760C1CE1A3B327300040DF2 /* UIScrollView+BindArgs.m in Sources */,
				C76CBBEB1A431E3500B57BBC /* TFmyPathViewController.m in Sources */,
				C77382F21A3837CA00ABDA7D /* ImagePlayerView.m in Sources */,
				C715EA261A5D7924008294D1 /* superMenu.m in Sources */,
				C76CBBE11A43146D00B57BBC /* WWSideslipViewController.m in Sources */,
				C7DBA1871A3DB13D0087596E /* TFmyOrderViewController.m in Sources */,
				C76FE4651A38046D00C973BF /* TFpersonViewController.m in Sources */,
				C788D5F01A36CB8C009BA362 /* TFloginViewController.m in Sources */,
				C7E4B2AE1A3849DD000699B4 /* SDWebImageDownloaderOperation.m in Sources */,
				C7798E4C1A36FEC6005EC0D4 /* TFregistViewController.m in Sources */,
				C7E4B2871A384665000699B4 /* EGOImageLoadConnection.m in Sources */,
				C7E4B2B01A3849DD000699B4 /* SDWebImagePrefetcher.m in Sources */,
				C7E4B2AF1A3849DD000699B4 /* SDWebImageManager.m in Sources */,
				C715EA291A5D85F9008294D1 /* ASIHttpMangment.m in Sources */,
				C7324DA81A46E23800C9EB75 /* TFregionViewController.m in Sources */,
				C7324DAB1A46E65D00C9EB75 /* CustomtabbarController.m in Sources */,
				C7324DAE1A46F19800C9EB75 /* DatePickerView.m in Sources */,
				C7DBA1A41A3DE6470087596E /* welcomeViewController.m in Sources */,
				C788D5C41A36C76F009BA362 /* TastyFood.xcdatamodeld in Sources */,
				C7EAEF1C1A5ECA2800BB9E13 /* TSLocation.m in Sources */,
				C788D5C11A36C76F009BA362 /* AppDelegate.m in Sources */,
				C79EB88D1A406855000F6120 /* TFhtmlViewController.m in Sources */,
				C788D5BE1A36C76F009BA362 /* main.m in Sources */,
				C76FE4621A3803A000C973BF /* TFMainTabbarController.m in Sources */,
				C760C2081A3B5BE200040DF2 /* UILabel+BindArgs.m in Sources */,
				C7E4B2851A384665000699B4 /* EGOCache.m in Sources */,
				C76FE45C1A38020A00C973BF /* TFshoppingcartViewController.m in Sources */,
				C7816DF11A42D6060019AD7F /* ChartSelectbuttonView.m in Sources */,
				C7764FFB1A419A0800B5AFA9 /* MenuTabbarView.m in Sources */,
				C760C1E11A3B45AC00040DF2 /* UITableView+BindArgs.m in Sources */,
				C7DBA1811A3DAA6C0087596E /* TFeditPswViewController.m in Sources */,
			);
			runOnlyForDeploymentPostprocessing = 0;
		};
		C788D5D01A36C770009BA362 /* Sources */ = {
			isa = PBXSourcesBuildPhase;
			buildActionMask = 2147483647;
			files = (
				C788D5DB1A36C770009BA362 /* TastyFoodTests.m in Sources */,
			);
			runOnlyForDeploymentPostprocessing = 0;
		};
/* End PBXSourcesBuildPhase section */

/* Begin PBXTargetDependency section */
		C788D5D61A36C770009BA362 /* PBXTargetDependency */ = {
			isa = PBXTargetDependency;
			target = C788D5B71A36C76F009BA362 /* TastyFood */;
			targetProxy = C788D5D51A36C770009BA362 /* PBXContainerItemProxy */;
		};
/* End PBXTargetDependency section */

/* Begin PBXVariantGroup section */
		C788D5CD1A36C76F009BA362 /* LaunchScreen.xib */ = {
			isa = PBXVariantGroup;
			children = (
				C788D5CE1A36C76F009BA362 /* Base */,
			);
			name = LaunchScreen.xib;
			sourceTree = "<group>";
		};
/* End PBXVariantGroup section */

/* Begin XCBuildConfiguration section */
		C788D5DC1A36C770009BA362 /* Debug */ = {
			isa = XCBuildConfiguration;
			buildSettings = {
				ALWAYS_SEARCH_USER_PATHS = NO;
				CLANG_CXX_LANGUAGE_STANDARD = "gnu++0x";
				CLANG_CXX_LIBRARY = "libc++";
				CLANG_ENABLE_MODULES = YES;
				CLANG_ENABLE_OBJC_ARC = YES;
				CLANG_WARN_BOOL_CONVERSION = YES;
				CLANG_WARN_CONSTANT_CONVERSION = YES;
				CLANG_WARN_DIRECT_OBJC_ISA_USAGE = YES_ERROR;
				CLANG_WARN_EMPTY_BODY = YES;
				CLANG_WARN_ENUM_CONVERSION = YES;
				CLANG_WARN_INT_CONVERSION = YES;
				CLANG_WARN_OBJC_ROOT_CLASS = YES_ERROR;
				CLANG_WARN_UNREACHABLE_CODE = YES;
				CLANG_WARN__DUPLICATE_METHOD_MATCH = YES;
				"CODE_SIGN_IDENTITY[sdk=iphoneos*]" = "iPhone Developer";
				COMPRESS_PNG_FILES = NO;
				COPY_PHASE_STRIP = NO;
				ENABLE_STRICT_OBJC_MSGSEND = YES;
				GCC_C_LANGUAGE_STANDARD = gnu99;
				GCC_DYNAMIC_NO_PIC = NO;
				GCC_OPTIMIZATION_LEVEL = 0;
				GCC_PREPROCESSOR_DEFINITIONS = (
					"DEBUG=1",
					"$(inherited)",
				);
				GCC_SYMBOLS_PRIVATE_EXTERN = NO;
				GCC_WARN_64_TO_32_BIT_CONVERSION = YES;
				GCC_WARN_ABOUT_RETURN_TYPE = YES_ERROR;
				GCC_WARN_UNDECLARED_SELECTOR = YES;
				GCC_WARN_UNINITIALIZED_AUTOS = YES_AGGRESSIVE;
				GCC_WARN_UNUSED_FUNCTION = YES;
				GCC_WARN_UNUSED_VARIABLE = YES;
				IPHONEOS_DEPLOYMENT_TARGET = 7.0;
				MTL_ENABLE_DEBUG_INFO = YES;
				ONLY_ACTIVE_ARCH = YES;
				SDKROOT = iphoneos;
			};
			name = Debug;
		};
		C788D5DD1A36C770009BA362 /* Release */ = {
			isa = XCBuildConfiguration;
			buildSettings = {
				ALWAYS_SEARCH_USER_PATHS = NO;
				CLANG_CXX_LANGUAGE_STANDARD = "gnu++0x";
				CLANG_CXX_LIBRARY = "libc++";
				CLANG_ENABLE_MODULES = YES;
				CLANG_ENABLE_OBJC_ARC = YES;
				CLANG_WARN_BOOL_CONVERSION = YES;
				CLANG_WARN_CONSTANT_CONVERSION = YES;
				CLANG_WARN_DIRECT_OBJC_ISA_USAGE = YES_ERROR;
				CLANG_WARN_EMPTY_BODY = YES;
				CLANG_WARN_ENUM_CONVERSION = YES;
				CLANG_WARN_INT_CONVERSION = YES;
				CLANG_WARN_OBJC_ROOT_CLASS = YES_ERROR;
				CLANG_WARN_UNREACHABLE_CODE = YES;
				CLANG_WARN__DUPLICATE_METHOD_MATCH = YES;
				"CODE_SIGN_IDENTITY[sdk=iphoneos*]" = "iPhone Developer";
				COMPRESS_PNG_FILES = NO;
				COPY_PHASE_STRIP = YES;
				ENABLE_NS_ASSERTIONS = NO;
				ENABLE_STRICT_OBJC_MSGSEND = YES;
				GCC_C_LANGUAGE_STANDARD = gnu99;
				GCC_WARN_64_TO_32_BIT_CONVERSION = YES;
				GCC_WARN_ABOUT_RETURN_TYPE = YES_ERROR;
				GCC_WARN_UNDECLARED_SELECTOR = YES;
				GCC_WARN_UNINITIALIZED_AUTOS = YES_AGGRESSIVE;
				GCC_WARN_UNUSED_FUNCTION = YES;
				GCC_WARN_UNUSED_VARIABLE = YES;
				IPHONEOS_DEPLOYMENT_TARGET = 7.0;
				MTL_ENABLE_DEBUG_INFO = NO;
				SDKROOT = iphoneos;
				VALIDATE_PRODUCT = YES;
			};
			name = Release;
		};
		C788D5DF1A36C770009BA362 /* Debug */ = {
			isa = XCBuildConfiguration;
			baseConfigurationReference = 685964FEB75CF3C63505A171 /* Pods.debug.xcconfig */;
			buildSettings = {
				ASSETCATALOG_COMPILER_APPICON_NAME = AppIcon;
				GCC_PREFIX_HEADER = "$(SRCROOT)/TastyFood/PrefixHeader.pch";
				INFOPLIST_FILE = TastyFood/Info.plist;
				LD_RUNPATH_SEARCH_PATHS = "$(inherited) @executable_path/Frameworks";
				PRODUCT_NAME = "$(TARGET_NAME)";
			};
			name = Debug;
		};
		C788D5E01A36C770009BA362 /* Release */ = {
			isa = XCBuildConfiguration;
			baseConfigurationReference = F4E731F1645B1D8790DB04C6 /* Pods.release.xcconfig */;
			buildSettings = {
				ASSETCATALOG_COMPILER_APPICON_NAME = AppIcon;
				GCC_PREFIX_HEADER = "$(SRCROOT)/TastyFood/PrefixHeader.pch";
				INFOPLIST_FILE = TastyFood/Info.plist;
				LD_RUNPATH_SEARCH_PATHS = "$(inherited) @executable_path/Frameworks";
				PRODUCT_NAME = "$(TARGET_NAME)";
			};
			name = Release;
		};
		C788D5E21A36C770009BA362 /* Debug */ = {
			isa = XCBuildConfiguration;
			buildSettings = {
				BUNDLE_LOADER = "$(TEST_HOST)";
				FRAMEWORK_SEARCH_PATHS = (
					"$(SDKROOT)/Developer/Library/Frameworks",
					"$(inherited)",
				);
				GCC_PREPROCESSOR_DEFINITIONS = (
					"DEBUG=1",
					"$(inherited)",
				);
				INFOPLIST_FILE = TastyFoodTests/Info.plist;
				LD_RUNPATH_SEARCH_PATHS = "$(inherited) @executable_path/Frameworks @loader_path/Frameworks";
				PRODUCT_NAME = "$(TARGET_NAME)";
				TEST_HOST = "$(BUILT_PRODUCTS_DIR)/TastyFood.app/TastyFood";
			};
			name = Debug;
		};
		C788D5E31A36C770009BA362 /* Release */ = {
			isa = XCBuildConfiguration;
			buildSettings = {
				BUNDLE_LOADER = "$(TEST_HOST)";
				FRAMEWORK_SEARCH_PATHS = (
					"$(SDKROOT)/Developer/Library/Frameworks",
					"$(inherited)",
				);
				INFOPLIST_FILE = TastyFoodTests/Info.plist;
				LD_RUNPATH_SEARCH_PATHS = "$(inherited) @executable_path/Frameworks @loader_path/Frameworks";
				PRODUCT_NAME = "$(TARGET_NAME)";
				TEST_HOST = "$(BUILT_PRODUCTS_DIR)/TastyFood.app/TastyFood";
			};
			name = Release;
		};
/* End XCBuildConfiguration section */

/* Begin XCConfigurationList section */
		C788D5B31A36C76F009BA362 /* Build configuration list for PBXProject "TastyFood" */ = {
			isa = XCConfigurationList;
			buildConfigurations = (
				C788D5DC1A36C770009BA362 /* Debug */,
				C788D5DD1A36C770009BA362 /* Release */,
			);
			defaultConfigurationIsVisible = 0;
			defaultConfigurationName = Release;
		};
		C788D5DE1A36C770009BA362 /* Build configuration list for PBXNativeTarget "TastyFood" */ = {
			isa = XCConfigurationList;
			buildConfigurations = (
				C788D5DF1A36C770009BA362 /* Debug */,
				C788D5E01A36C770009BA362 /* Release */,
			);
			defaultConfigurationIsVisible = 0;
			defaultConfigurationName = Release;
		};
		C788D5E11A36C770009BA362 /* Build configuration list for PBXNativeTarget "TastyFoodTests" */ = {
			isa = XCConfigurationList;
			buildConfigurations = (
				C788D5E21A36C770009BA362 /* Debug */,
				C788D5E31A36C770009BA362 /* Release */,
			);
			defaultConfigurationIsVisible = 0;
			defaultConfigurationName = Release;
		};
/* End XCConfigurationList section */

/* Begin XCVersionGroup section */
		C788D5C21A36C76F009BA362 /* TastyFood.xcdatamodeld */ = {
			isa = XCVersionGroup;
			children = (
				C788D5C31A36C76F009BA362 /* TastyFood.xcdatamodel */,
			);
			currentVersion = C788D5C31A36C76F009BA362 /* TastyFood.xcdatamodel */;
			path = TastyFood.xcdatamodeld;
			sourceTree = "<group>";
			versionGroupType = wrapper.xcdatamodel;
		};
/* End XCVersionGroup section */
	};
	rootObject = C788D5B01A36C76F009BA362 /* Project object */;
}
